[0m[1mmodule.eks.module.eks_managed_node_group["green"].data.aws_iam_policy_document.assume_role_policy[0]: Reading...[0m[0m
[0m[1mmodule.eks.module.kms.data.aws_caller_identity.current[0]: Reading...[0m[0m
[0m[1mmodule.db.module.db_parameter_group.aws_db_parameter_group.this[0]: Refreshing state... [id=devops-mid-lab-db-20251217190824374600000001][0m
[0m[1mmodule.eks.module.kms.data.aws_partition.current[0]: Reading...[0m[0m
[0m[1mmodule.eks.data.aws_caller_identity.current[0]: Reading...[0m[0m
[0m[1mmodule.eks.module.eks_managed_node_group["green"].data.aws_caller_identity.current: Reading...[0m[0m
[0m[1mmodule.eks.aws_cloudwatch_log_group.this[0]: Refreshing state... [id=/aws/eks/devops-mid-lab-cluster/cluster][0m
[0m[1mmodule.vpc.aws_vpc.this[0]: Refreshing state... [id=vpc-07a4e8a9483fd7399][0m
[0m[1mmodule.eks.module.eks_managed_node_group["green"].aws_eks_node_group.this[0] (deposed object 0ac6b584): Refreshing state... [id=devops-mid-lab-cluster:green-20251217191924783900000015][0m
[0m[1mmodule.eks.module.kms.data.aws_partition.current[0]: Read complete after 0s [id=aws][0m
[0m[1mmodule.eks.module.eks_managed_node_group["green"].data.aws_iam_policy_document.assume_role_policy[0]: Read complete after 0s [id=2560088296][0m
[0m[1mmodule.db.module.db_instance.data.aws_partition.current: Reading...[0m[0m
[0m[1mmodule.eks.data.aws_iam_policy_document.assume_role_policy[0]: Reading...[0m[0m
[0m[1mmodule.db.module.db_instance.data.aws_iam_policy_document.enhanced_monitoring: Reading...[0m[0m
[0m[1mmodule.db.module.db_instance.data.aws_partition.current: Read complete after 0s [id=aws][0m
[0m[1mmodule.eks.data.aws_iam_policy_document.assume_role_policy[0]: Read complete after 0s [id=2830595799][0m
[0m[1mmodule.db.module.db_instance.data.aws_iam_policy_document.enhanced_monitoring: Read complete after 0s [id=76086537][0m
[0m[1mmodule.eks.module.eks_managed_node_group["green"].data.aws_partition.current: Reading...[0m[0m
[0m[1mmodule.eks.module.eks_managed_node_group["green"].data.aws_partition.current: Read complete after 0s [id=aws][0m
[0m[1mmodule.eks.data.aws_partition.current[0]: Reading...[0m[0m
[0m[1mmodule.eks.data.aws_partition.current[0]: Read complete after 0s [id=aws][0m
[0m[1mmodule.eks.module.eks_managed_node_group["green"].aws_iam_role.this[0]: Refreshing state... [id=green-eks-node-group-20251217190824374600000002][0m
[0m[1mmodule.eks.aws_iam_role.this[0]: Refreshing state... [id=devops-mid-lab-cluster-cluster-20251217190824375200000003][0m
[0m[1mmodule.eks.data.aws_iam_policy_document.custom[0]: Reading...[0m[0m
[0m[1mmodule.eks.data.aws_iam_policy_document.custom[0]: Read complete after 0s [id=513122117][0m
[0m[1mmodule.eks.aws_iam_policy.custom[0]: Refreshing state... [id=arn:aws:iam::472499667690:policy/devops-mid-lab-cluster-cluster-20251217190824375200000004][0m
[0m[1mmodule.eks.module.kms.data.aws_caller_identity.current[0]: Read complete after 1s [id=184437145027][0m
[0m[1mmodule.eks.module.eks_managed_node_group["green"].data.aws_caller_identity.current: Read complete after 1s [id=184437145027][0m
[0m[1mmodule.eks.data.aws_caller_identity.current[0]: Read complete after 1s [id=184437145027][0m
[0m[1mmodule.eks.data.aws_iam_session_context.current[0]: Reading...[0m[0m
[0m[1mmodule.eks.data.aws_iam_session_context.current[0]: Read complete after 0s [id=arn:aws:iam::184437145027:user/DevOps_Lab][0m
[0m[1mmodule.eks.aws_iam_role_policy_attachment.this["AmazonEKSVPCResourceController"]: Refreshing state... [id=devops-mid-lab-cluster-cluster-20251217190824375200000003-20251217190826659300000008][0m
[0m[1mmodule.eks.aws_iam_role_policy_attachment.this["AmazonEKSClusterPolicy"]: Refreshing state... [id=devops-mid-lab-cluster-cluster-20251217190824375200000003-2025121719082693520000000a][0m
[0m[1mmodule.eks.module.kms.aws_kms_key.this[0]: Refreshing state... [id=0e3c7686-57c9-4541-b9c1-52b070d2fa69][0m
[0m[1mmodule.eks.aws_iam_role_policy_attachment.custom[0]: Refreshing state... [id=devops-mid-lab-cluster-cluster-20251217190824375200000003-20251217190826671800000009][0m
[0m[1mmodule.eks.module.eks_managed_node_group["green"].aws_iam_role_policy_attachment.this["AmazonEKSWorkerNodePolicy"]: Refreshing state... [id=green-eks-node-group-20251217190824374600000002-20251217190826396300000006][0m
[0m[1mmodule.eks.module.eks_managed_node_group["green"].aws_iam_role_policy_attachment.this["AmazonEC2ContainerRegistryReadOnly"]: Refreshing state... [id=green-eks-node-group-20251217190824374600000002-20251217190826390700000005][0m
[0m[1mmodule.eks.module.eks_managed_node_group["green"].aws_iam_role_policy_attachment.this["AmazonEKS_CNI_Policy"]: Refreshing state... [id=green-eks-node-group-20251217190824374600000002-20251217190826611000000007][0m
[0m[1mmodule.vpc.aws_default_network_acl.this[0]: Refreshing state... [id=acl-03c64d24bcc1779a1][0m
[0m[1mmodule.vpc.aws_default_security_group.this[0]: Refreshing state... [id=sg-09f8c96b00b851491][0m
[0m[1mmodule.vpc.aws_default_route_table.default[0]: Refreshing state... [id=rtb-0cadb9909b8c7c9df][0m
[0m[1mmodule.vpc.aws_route_table.public[0]: Refreshing state... [id=rtb-08598f555c1dfa615][0m
[0m[1mmodule.vpc.aws_route_table.private[0]: Refreshing state... [id=rtb-0a40217eb76d8c0d9][0m
[0m[1mmodule.vpc.aws_subnet.public[1]: Refreshing state... [id=subnet-0ebb6155c21adf8ca][0m
[0m[1mmodule.vpc.aws_subnet.public[0]: Refreshing state... [id=subnet-0af92903f72f0020c][0m
[0m[1mmodule.vpc.aws_subnet.private[0]: Refreshing state... [id=subnet-0abcbe1d6ebfc6fd1][0m
[0m[1mmodule.vpc.aws_subnet.private[1]: Refreshing state... [id=subnet-0fb1aed014784b22e][0m
[0m[1mmodule.vpc.aws_internet_gateway.this[0]: Refreshing state... [id=igw-0733189c570d14f7b][0m
[0m[1mmodule.eks.aws_security_group.cluster[0]: Refreshing state... [id=sg-078d43f5d6957d253][0m
[0m[1mmodule.eks.aws_security_group.node[0]: Refreshing state... [id=sg-0555b7f783164be1e][0m
[0m[1mmodule.security_group.aws_security_group.this_name_prefix[0]: Refreshing state... [id=sg-0e5a6747a5d01b06c][0m
[0m[1mmodule.eks.module.kms.aws_kms_alias.this["cluster"]: Refreshing state... [id=alias/eks/devops-mid-lab-cluster][0m
[0m[1mmodule.eks.aws_iam_policy.cluster_encryption[0]: Refreshing state... [id=arn:aws:iam::472499667690:policy/devops-mid-lab-cluster-cluster-ClusterEncryption20251217190852420000000011][0m
[0m[1mmodule.vpc.aws_route_table_association.public[1]: Refreshing state... [id=rtbassoc-0300f1bbd9863f453][0m
[0m[1mmodule.vpc.aws_route_table_association.public[0]: Refreshing state... [id=rtbassoc-0a0bd00b280453177][0m
[0m[1mmodule.eks.aws_iam_role_policy_attachment.cluster_encryption[0]: Refreshing state... [id=devops-mid-lab-cluster-cluster-20251217190824375200000003-20251217190853550700000012][0m
[0m[1mmodule.vpc.aws_route.public_internet_gateway[0]: Refreshing state... [id=r-rtb-08598f555c1dfa6151080289494][0m
[0m[1mmodule.vpc.aws_route_table_association.private[1]: Refreshing state... [id=rtbassoc-02b6d9cd61455c5cc][0m
[0m[1mmodule.vpc.aws_route_table_association.private[0]: Refreshing state... [id=rtbassoc-0a4e2fed17f405c21][0m
[0m[1mmodule.db.module.db_subnet_group.aws_db_subnet_group.this[0]: Refreshing state... [id=devops-mid-lab-db-20251217190842859100000010][0m
[0m[1mmodule.eks.aws_security_group_rule.cluster["ingress_nodes_443"]: Refreshing state... [id=sgrule-722081985][0m
[0m[1mmodule.eks.aws_security_group_rule.node["ingress_self_coredns_tcp"]: Refreshing state... [id=sgrule-3081923876][0m
[0m[1mmodule.eks.aws_security_group_rule.node["egress_all"]: Refreshing state... [id=sgrule-1624160720][0m
[0m[1mmodule.eks.aws_security_group_rule.node["ingress_cluster_6443_webhook"]: Refreshing state... [id=sgrule-2936505035][0m
[0m[1mmodule.eks.aws_security_group_rule.node["ingress_cluster_443"]: Refreshing state... [id=sgrule-3538731966][0m
[0m[1mmodule.eks.aws_security_group_rule.node["ingress_cluster_8443_webhook"]: Refreshing state... [id=sgrule-3160129258][0m
[0m[1mmodule.eks.aws_security_group_rule.node["ingress_cluster_kubelet"]: Refreshing state... [id=sgrule-2055054248][0m
[0m[1mmodule.eks.aws_security_group_rule.node["ingress_self_coredns_udp"]: Refreshing state... [id=sgrule-334352075][0m
[0m[1mmodule.eks.aws_security_group_rule.node["ingress_cluster_4443_webhook"]: Refreshing state... [id=sgrule-1715856733][0m
[0m[1mmodule.eks.aws_security_group_rule.node["ingress_cluster_9443_webhook"]: Refreshing state... [id=sgrule-3640298785][0m
[0m[1mmodule.eks.aws_security_group_rule.node["ingress_nodes_ephemeral"]: Refreshing state... [id=sgrule-3417277086][0m
[0m[1mmodule.security_group.aws_security_group_rule.ingress_with_cidr_blocks[0]: Refreshing state... [id=sgrule-2563423745][0m
[0m[1mmodule.eks.aws_eks_cluster.this[0]: Refreshing state... [id=devops-mid-lab-cluster][0m
[0m[1mmodule.eks.aws_ec2_tag.cluster_primary_security_group["Environment"]: Refreshing state... [id=sg-0e9d3cd45a9ffd9aa,Environment][0m
[0m[1mmodule.eks.aws_eks_access_entry.this["cluster_creator"]: Refreshing state... [id=devops-mid-lab-cluster:arn:aws:iam::472499667690:user/qdevaan][0m
[0m[1mmodule.eks.aws_ec2_tag.cluster_primary_security_group["Terraform"]: Refreshing state... [id=sg-0e9d3cd45a9ffd9aa,Terraform][0m
[0m[1mmodule.eks.time_sleep.this[0]: Refreshing state... [id=2025-12-17T19:19:17Z][0m
[0m[1mmodule.eks.aws_iam_openid_connect_provider.oidc_provider[0]: Refreshing state... [id=arn:aws:iam::472499667690:oidc-provider/oidc.eks.us-east-1.amazonaws.com/id/B5113D008CC955638F661E28A2084147][0m
[0m[1mmodule.eks.module.eks_managed_node_group["green"].module.user_data.null_resource.validate_cluster_service_cidr: Refreshing state... [id=1120745762245416406][0m
[0m[1mmodule.eks.module.eks_managed_node_group["green"].aws_launch_template.this[0]: Refreshing state... [id=lt-0266b9a4fb9005497][0m
[0m[1mmodule.eks.module.eks_managed_node_group["green"].aws_eks_node_group.this[0]: Refreshing state... [id=devops-mid-lab-cluster:green-20251217194122249300000001][0m
[0m[1mmodule.eks.aws_eks_access_policy_association.this["cluster_creator_admin"]: Refreshing state... [id=devops-mid-lab-cluster#arn:aws:iam::472499667690:user/qdevaan#arn:aws:eks::aws:cluster-access-policy/AmazonEKSClusterAdminPolicy][0m

[1m[36mNote:[0m[1m Objects have changed outside of Terraform
[0m
Terraform detected the following changes made outside of Terraform since the
last "terraform apply" which may have affected this plan:

[1m  # module.eks.aws_cloudwatch_log_group.this[0][0m has been deleted
[0m  [31m-[0m[0m resource "aws_cloudwatch_log_group" "this" {
      [31m-[0m[0m arn               = "arn:aws:logs:us-east-1:472499667690:log-group:/aws/eks/devops-mid-lab-cluster/cluster" [90m-> null[0m[0m
        id                = "/aws/eks/devops-mid-lab-cluster/cluster"
      [31m-[0m[0m name              = "/aws/eks/devops-mid-lab-cluster/cluster" [90m-> null[0m[0m
        tags              = {
            "Environment" = "dev"
            "Name"        = "/aws/eks/devops-mid-lab-cluster/cluster"
            "Terraform"   = "true"
        }
        [90m# (6 unchanged attributes hidden)[0m[0m
    }

[1m  # module.eks.aws_eks_cluster.this[0][0m has been deleted
[0m  [31m-[0m[0m resource "aws_eks_cluster" "this" {
      [31m-[0m[0m arn                           = "arn:aws:eks:us-east-1:472499667690:cluster/devops-mid-lab-cluster" [90m-> null[0m[0m
      [31m-[0m[0m certificate_authority         = [
          [31m-[0m[0m {
              [31m-[0m[0m data = "LS0tLS1CRUdJTiBDRVJUSUZJQ0FURS0tLS0tCk1JSURCVENDQWUyZ0F3SUJBZ0lJZXJNZTZ2cGJBM0F3RFFZSktvWklodmNOQVFFTEJRQXdGVEVUTUJFR0ExVUUKQXhNS2EzVmlaWEp1WlhSbGN6QWVGdzB5TlRFeU1UY3hPVEE1TkROYUZ3MHpOVEV5TVRVeE9URTBORE5hTUJVeApFekFSQmdOVkJBTVRDbXQxWW1WeWJtVjBaWE13Z2dFaU1BMEdDU3FHU0liM0RRRUJBUVVBQTRJQkR3QXdnZ0VLCkFvSUJBUURHTi9vZjVYbnNzNll4V3F0b0pxNUlpbUZKSmYrSUVySkxudDdhTXMrbFljd1NWbUxKbVVDcDFVVUEKdnpEVW1aS0VlWHg2NTdtMytUWE1kMDMxaFNENmRBR0ZCbHJnRm8xVjdrV1hWcDFva09aa1VXcllmditjbmp5QQp4dG1QWmN2UTBxZCtTdnQyYTI3emRHc1VjWmIreFJmMHhNWVpMeVN5MVNtZSt4U0kreDVOMy9IQlljNHM5V2l1CmpHSXpvUjBOYlV5TzBqajNmVkhJUDJBMjFrMlJuL0FqdkF4dlllN1ozdWMzdUpxL1A4WFJFRGcyWndFb3BOd2MKOVRUMzhLcVRZQWtudjFERkMzck1QQ0JUa0lZQURnMmIrQnVrSWFrditTZWJzWDRXa08wK1YydGpqSFpQTVpJWApPNVcraXVMbVhXQ2c3WVhsTFliTjlLOHlKNFBWQWdNQkFBR2pXVEJYTUE0R0ExVWREd0VCL3dRRUF3SUNwREFQCkJnTlZIUk1CQWY4RUJUQURBUUgvTUIwR0ExVWREZ1FXQkJUTnlMODcycmErbXNJOVEwU3piaFpHQ3AvNmh6QVYKQmdOVkhSRUVEakFNZ2dwcmRXSmxjbTVsZEdWek1BMEdDU3FHU0liM0RRRUJDd1VBQTRJQkFRQTlqNGwxcTdzRApMcEJkUG9vb2llaEFaL1YwV2RKVkk2MHNoUHdhSk5HZDNIV1NwSm11Wm5Edlg1cTVGYWs1WjVPa01GWS9YRHArCjdSbTJpVkJZRzk3bHMzUW1vWmNGYXZEZVlXcG1yeFkxaWFtUldCVFhvRnFvMnlTakREMXhCdnZxMVVkd1c4cjcKQUFtbU9kcXhWa3l2SDdxdFpPUmw3MlB1TXhVbUlpVUVKMmxTYzBKUE9VV0srQUQrSGw0SWdaamNNQ1lZaS85eApiYWV3OXFkRlYyaTdDYnp3UmIvczltc1hXUE1kRXVURmhzNnczL2txRk03V0h3Z0dmTXFMV1hFTElTVm44VGRUCnBhbHJnVUg0MmFSTFpqNFZlOTZnbGYydnFPancxMm45Yk93Y3FIeEZ0eVZsbEpuWktmM0gwdnFkcnRuTzMrU3IKS2hwZDZxdnBraHA4Ci0tLS0tRU5EIENFUlRJRklDQVRFLS0tLS0K"
            },
        ] [90m-> null[0m[0m
      [31m-[0m[0m endpoint                      = "https://B5113D008CC955638F661E28A2084147.gr7.us-east-1.eks.amazonaws.com" [90m-> null[0m[0m
      [31m-[0m[0m id                            = "devops-mid-lab-cluster" [90m-> null[0m[0m
      [31m-[0m[0m identity                      = [
          [31m-[0m[0m {
              [31m-[0m[0m oidc = [
                  [31m-[0m[0m {
                      [31m-[0m[0m issuer = "https://oidc.eks.us-east-1.amazonaws.com/id/B5113D008CC955638F661E28A2084147"
                    },
                ]
            },
        ] [90m-> null[0m[0m
      [31m-[0m[0m name                          = "devops-mid-lab-cluster" [90m-> null[0m[0m
      [31m-[0m[0m platform_version              = "eks.57" [90m-> null[0m[0m
      [31m-[0m[0m status                        = "ACTIVE" [90m-> null[0m[0m
        tags                          = {
            "Environment"           = "dev"
            "Terraform"             = "true"
            "terraform-aws-modules" = "eks"
        }
      [31m-[0m[0m version                       = "1.29" [90m-> null[0m[0m
        [90m# (5 unchanged attributes hidden)[0m[0m

      [31m-[0m[0m kubernetes_network_config {
          [31m-[0m[0m ip_family         = "ipv4" [90m-> null[0m[0m
          [31m-[0m[0m service_ipv4_cidr = "172.20.0.0/16" [90m-> null[0m[0m
            [90m# (1 unchanged attribute hidden)[0m[0m

          [31m-[0m[0m elastic_load_balancing {
              [31m-[0m[0m enabled = false [90m-> null[0m[0m
            }
        }

      [31m-[0m[0m vpc_config {
          [31m-[0m[0m cluster_security_group_id = "sg-0e9d3cd45a9ffd9aa" [90m-> null[0m[0m
            [90m# (6 unchanged attributes hidden)[0m[0m
        }

        [90m# (4 unchanged blocks hidden)[0m[0m
    }

[1m  # module.eks.aws_iam_policy.cluster_encryption[0][0m has been deleted
[0m  [31m-[0m[0m resource "aws_iam_policy" "cluster_encryption" {
      [31m-[0m[0m arn              = "arn:aws:iam::472499667690:policy/devops-mid-lab-cluster-cluster-ClusterEncryption20251217190852420000000011" [90m-> null[0m[0m
        id               = "arn:aws:iam::472499667690:policy/devops-mid-lab-cluster-cluster-ClusterEncryption20251217190852420000000011"
        name             = "devops-mid-lab-cluster-cluster-ClusterEncryption20251217190852420000000011"
        tags             = {
            "Environment" = "dev"
            "Terraform"   = "true"
        }
        [90m# (7 unchanged attributes hidden)[0m[0m
    }

[1m  # module.eks.aws_iam_policy.custom[0][0m has been deleted
[0m  [31m-[0m[0m resource "aws_iam_policy" "custom" {
      [31m-[0m[0m arn              = "arn:aws:iam::472499667690:policy/devops-mid-lab-cluster-cluster-20251217190824375200000004" [90m-> null[0m[0m
        id               = "arn:aws:iam::472499667690:policy/devops-mid-lab-cluster-cluster-20251217190824375200000004"
        name             = "devops-mid-lab-cluster-cluster-20251217190824375200000004"
        tags             = {
            "Environment" = "dev"
            "Terraform"   = "true"
        }
        [90m# (7 unchanged attributes hidden)[0m[0m
    }

[1m  # module.eks.aws_iam_role.this[0][0m has been deleted
[0m  [31m-[0m[0m resource "aws_iam_role" "this" {
      [31m-[0m[0m arn                   = "arn:aws:iam::472499667690:role/devops-mid-lab-cluster-cluster-20251217190824375200000003" [90m-> null[0m[0m
        id                    = "devops-mid-lab-cluster-cluster-20251217190824375200000003"
      [31m-[0m[0m name                  = "devops-mid-lab-cluster-cluster-20251217190824375200000003" [90m-> null[0m[0m
        tags                  = {
            "Environment" = "dev"
            "Terraform"   = "true"
        }
      [31m-[0m[0m unique_id             = "AROAW4AZMYLVBEMQX55K4" [90m-> null[0m[0m
        [90m# (10 unchanged attributes hidden)[0m[0m
    }

[1m  # module.eks.aws_security_group.cluster[0][0m has been deleted
[0m  [31m-[0m[0m resource "aws_security_group" "cluster" {
      [31m-[0m[0m arn                    = "arn:aws:ec2:us-east-1:472499667690:security-group/sg-078d43f5d6957d253" [90m-> null[0m[0m
      [31m-[0m[0m id                     = "sg-078d43f5d6957d253" [90m-> null[0m[0m
        name                   = "devops-mid-lab-cluster-cluster-2025121719083901510000000e"
        tags                   = {
            "Environment" = "dev"
            "Name"        = "devops-mid-lab-cluster-cluster"
            "Terraform"   = "true"
        }
        [90m# (8 unchanged attributes hidden)[0m[0m
    }

[1m  # module.eks.aws_security_group.node[0][0m has been deleted
[0m  [31m-[0m[0m resource "aws_security_group" "node" {
      [31m-[0m[0m arn                    = "arn:aws:ec2:us-east-1:472499667690:security-group/sg-0555b7f783164be1e" [90m-> null[0m[0m
      [31m-[0m[0m id                     = "sg-0555b7f783164be1e" [90m-> null[0m[0m
        name                   = "devops-mid-lab-cluster-node-2025121719083901460000000d"
        tags                   = {
            "Environment"                                  = "dev"
            "Name"                                         = "devops-mid-lab-cluster-node"
            "Terraform"                                    = "true"
            "kubernetes.io/cluster/devops-mid-lab-cluster" = "owned"
        }
        [90m# (8 unchanged attributes hidden)[0m[0m
    }

[1m  # module.security_group.aws_security_group.this_name_prefix[0][0m has been deleted
[0m  [31m-[0m[0m resource "aws_security_group" "this_name_prefix" {
      [31m-[0m[0m arn                    = "arn:aws:ec2:us-east-1:472499667690:security-group/sg-0e5a6747a5d01b06c" [90m-> null[0m[0m
      [31m-[0m[0m description            = "Complete PostgreSQL example security group" [90m-> null[0m[0m
      [31m-[0m[0m id                     = "sg-0e5a6747a5d01b06c" [90m-> null[0m[0m
      [31m-[0m[0m name                   = "devops-mid-lab-db-sg-2025121719084111730000000f" [90m-> null[0m[0m
      [31m-[0m[0m owner_id               = "472499667690" [90m-> null[0m[0m
        tags                   = {
            "Name" = "devops-mid-lab-db-sg"
        }
      [31m-[0m[0m vpc_id                 = "vpc-07a4e8a9483fd7399" [90m-> null[0m[0m
        [90m# (5 unchanged attributes hidden)[0m[0m

        [90m# (1 unchanged block hidden)[0m[0m
    }

[1m  # module.vpc.aws_internet_gateway.this[0][0m has been deleted
[0m  [31m-[0m[0m resource "aws_internet_gateway" "this" {
      [31m-[0m[0m arn      = "arn:aws:ec2:us-east-1:472499667690:internet-gateway/igw-0733189c570d14f7b" [90m-> null[0m[0m
      [31m-[0m[0m id       = "igw-0733189c570d14f7b" [90m-> null[0m[0m
        tags     = {
            "Environment" = "dev"
            "Name"        = "devops-mid-lab-vpc"
            "Project"     = "devops-mid-lab"
            "Terraform"   = "true"
        }
        [90m# (3 unchanged attributes hidden)[0m[0m
    }

[1m  # module.vpc.aws_route.public_internet_gateway[0][0m has been deleted
[0m  [31m-[0m[0m resource "aws_route" "public_internet_gateway" {
      [31m-[0m[0m id                          = "r-rtb-08598f555c1dfa6151080289494" [90m-> null[0m[0m
        [90m# (18 unchanged attributes hidden)[0m[0m

        [90m# (1 unchanged block hidden)[0m[0m
    }

[1m  # module.vpc.aws_route_table.public[0][0m has been deleted
[0m  [31m-[0m[0m resource "aws_route_table" "public" {
      [31m-[0m[0m id               = "rtb-08598f555c1dfa615" [90m-> null[0m[0m
        tags             = {
            "Environment" = "dev"
            "Name"        = "devops-mid-lab-vpc-public"
            "Project"     = "devops-mid-lab"
            "Terraform"   = "true"
        }
        [90m# (6 unchanged attributes hidden)[0m[0m
    }

[1m  # module.vpc.aws_vpc.this[0][0m has been deleted
[0m  [31m-[0m[0m resource "aws_vpc" "this" {
      [31m-[0m[0m arn                                  = "arn:aws:ec2:us-east-1:472499667690:vpc/vpc-07a4e8a9483fd7399" [90m-> null[0m[0m
      [31m-[0m[0m cidr_block                           = "10.0.0.0/16" [90m-> null[0m[0m
      [31m-[0m[0m default_network_acl_id               = "acl-03c64d24bcc1779a1" [90m-> null[0m[0m
      [31m-[0m[0m default_route_table_id               = "rtb-0cadb9909b8c7c9df" [90m-> null[0m[0m
      [31m-[0m[0m default_security_group_id            = "sg-09f8c96b00b851491" [90m-> null[0m[0m
      [31m-[0m[0m enable_dns_hostnames                 = true [90m-> null[0m[0m
      [31m-[0m[0m enable_dns_support                   = true [90m-> null[0m[0m
      [31m-[0m[0m id                                   = "vpc-07a4e8a9483fd7399" [90m-> null[0m[0m
      [31m-[0m[0m instance_tenancy                     = "default" [90m-> null[0m[0m
      [31m-[0m[0m main_route_table_id                  = "rtb-0cadb9909b8c7c9df" [90m-> null[0m[0m
      [31m-[0m[0m owner_id                             = "472499667690" [90m-> null[0m[0m
        tags                                 = {
            "Environment" = "dev"
            "Name"        = "devops-mid-lab-vpc"
            "Project"     = "devops-mid-lab"
            "Terraform"   = "true"
        }
        [90m# (9 unchanged attributes hidden)[0m[0m
    }

[1m  # module.db.module.db_parameter_group.aws_db_parameter_group.this[0][0m has been deleted
[0m  [31m-[0m[0m resource "aws_db_parameter_group" "this" {
      [31m-[0m[0m arn          = "arn:aws:rds:us-east-1:472499667690:pg:devops-mid-lab-db-20251217190824374600000001" [90m-> null[0m[0m
      [31m-[0m[0m id           = "devops-mid-lab-db-20251217190824374600000001" [90m-> null[0m[0m
        name         = "devops-mid-lab-db-20251217190824374600000001"
        tags         = {
            "Environment" = "dev"
            "Name"        = "devops-mid-lab-db"
            "Owner"       = "user"
        }
        [90m# (5 unchanged attributes hidden)[0m[0m
    }

[1m  # module.db.module.db_subnet_group.aws_db_subnet_group.this[0][0m has been deleted
[0m  [31m-[0m[0m resource "aws_db_subnet_group" "this" {
      [31m-[0m[0m arn                     = "arn:aws:rds:us-east-1:472499667690:subgrp:devops-mid-lab-db-20251217190842859100000010" [90m-> null[0m[0m
      [31m-[0m[0m id                      = "devops-mid-lab-db-20251217190842859100000010" [90m-> null[0m[0m
        name                    = "devops-mid-lab-db-20251217190842859100000010"
        tags                    = {
            "Environment" = "dev"
            "Name"        = "devops-mid-lab-db"
            "Owner"       = "user"
        }
        [90m# (6 unchanged attributes hidden)[0m[0m
    }

[1m  # module.eks.module.eks_managed_node_group["green"].aws_eks_node_group.this[0][0m has been deleted
[0m  [31m-[0m[0m resource "aws_eks_node_group" "this" {
      [31m-[0m[0m id                     = "devops-mid-lab-cluster:green-20251217194122249300000001" [90m-> null[0m[0m
        tags                   = {
            "Environment" = "dev"
            "Name"        = "green"
            "Terraform"   = "true"
        }
        [90m# (8 unchanged attributes hidden)[0m[0m

        [90m# (4 unchanged blocks hidden)[0m[0m
    }

[1m  # module.eks.module.eks_managed_node_group["green"].aws_iam_role.this[0][0m has been deleted
[0m  [31m-[0m[0m resource "aws_iam_role" "this" {
      [31m-[0m[0m arn                   = "arn:aws:iam::472499667690:role/green-eks-node-group-20251217190824374600000002" [90m-> null[0m[0m
        id                    = "green-eks-node-group-20251217190824374600000002"
      [31m-[0m[0m name                  = "green-eks-node-group-20251217190824374600000002" [90m-> null[0m[0m
        tags                  = {
            "Environment" = "dev"
            "Terraform"   = "true"
        }
      [31m-[0m[0m unique_id             = "AROAW4AZMYLVCFCW7OK6N" [90m-> null[0m[0m
        [90m# (10 unchanged attributes hidden)[0m[0m
    }

[1m  # module.eks.module.eks_managed_node_group["green"].aws_launch_template.this[0][0m has been deleted
[0m  [31m-[0m[0m resource "aws_launch_template" "this" {
      [31m-[0m[0m arn                                  = "arn:aws:ec2:us-east-1:472499667690:launch-template/lt-0266b9a4fb9005497" [90m-> null[0m[0m
      [31m-[0m[0m default_version                      = 1 [90m-> null[0m[0m
      [31m-[0m[0m id                                   = "lt-0266b9a4fb9005497" [90m-> null[0m[0m
      [31m-[0m[0m latest_version                       = 1 [90m-> null[0m[0m
      [31m-[0m[0m name                                 = "green-20251217191917693700000013" [90m-> null[0m[0m
        tags                                 = {
            "Environment" = "dev"
            "Terraform"   = "true"
        }
        [90m# (16 unchanged attributes hidden)[0m[0m

        [90m# (5 unchanged blocks hidden)[0m[0m
    }

[1m  # module.eks.module.kms.aws_kms_key.this[0][0m has been deleted
[0m  [31m-[0m[0m resource "aws_kms_key" "this" {
      [31m-[0m[0m arn                                = "arn:aws:kms:us-east-1:472499667690:key/0e3c7686-57c9-4541-b9c1-52b070d2fa69" [90m-> null[0m[0m
        id                                 = "0e3c7686-57c9-4541-b9c1-52b070d2fa69"
      [31m-[0m[0m key_id                             = "0e3c7686-57c9-4541-b9c1-52b070d2fa69" [90m-> null[0m[0m
      [31m-[0m[0m policy                             = jsonencode(
            {
              [31m-[0m[0m Statement = [
                  [31m-[0m[0m {
                      [31m-[0m[0m Action    = "kms:*"
                      [31m-[0m[0m Effect    = "Allow"
                      [31m-[0m[0m Principal = {
                          [31m-[0m[0m AWS = "arn:aws:iam::472499667690:root"
                        }
                      [31m-[0m[0m Resource  = "*"
                      [31m-[0m[0m Sid       = "Default"
                    },
                  [31m-[0m[0m {
                      [31m-[0m[0m Action    = [
                          [31m-[0m[0m "kms:Update*",
                          [31m-[0m[0m "kms:UntagResource",
                          [31m-[0m[0m "kms:TagResource",
                          [31m-[0m[0m "kms:ScheduleKeyDeletion",
                          [31m-[0m[0m "kms:Revoke*",
                          [31m-[0m[0m "kms:ReplicateKey",
                          [31m-[0m[0m "kms:Put*",
                          [31m-[0m[0m "kms:List*",
                          [31m-[0m[0m "kms:ImportKeyMaterial",
                          [31m-[0m[0m "kms:Get*",
                          [31m-[0m[0m "kms:Enable*",
                          [31m-[0m[0m "kms:Disable*",
                          [31m-[0m[0m "kms:Describe*",
                          [31m-[0m[0m "kms:Delete*",
                          [31m-[0m[0m "kms:Create*",
                          [31m-[0m[0m "kms:CancelKeyDeletion",
                        ]
                      [31m-[0m[0m Effect    = "Allow"
                      [31m-[0m[0m Principal = {
                          [31m-[0m[0m AWS = "arn:aws:iam::472499667690:user/qdevaan"
                        }
                      [31m-[0m[0m Resource  = "*"
                      [31m-[0m[0m Sid       = "KeyAdministration"
                    },
                  [31m-[0m[0m {
                      [31m-[0m[0m Action    = [
                          [31m-[0m[0m "kms:ReEncrypt*",
                          [31m-[0m[0m "kms:GenerateDataKey*",
                          [31m-[0m[0m "kms:Encrypt",
                          [31m-[0m[0m "kms:DescribeKey",
                          [31m-[0m[0m "kms:Decrypt",
                        ]
                      [31m-[0m[0m Effect    = "Allow"
                      [31m-[0m[0m Principal = {
                          [31m-[0m[0m AWS = "arn:aws:iam::472499667690:role/devops-mid-lab-cluster-cluster-20251217190824375200000003"
                        }
                      [31m-[0m[0m Resource  = "*"
                      [31m-[0m[0m Sid       = "KeyUsage"
                    },
                ]
              [31m-[0m[0m Version   = "2012-10-17"
            }
        ) [90m-> null[0m[0m
        tags                               = {
            "Environment"           = "dev"
            "Terraform"             = "true"
            "terraform-aws-modules" = "eks"
        }
        [90m# (11 unchanged attributes hidden)[0m[0m
    }


Unless you have made equivalent changes to your configuration, or ignored the
relevant attributes using ignore_changes, the following plan may include
actions to undo or respond to these changes.
[90m
ΓöÇΓöÇΓöÇΓöÇΓöÇΓöÇΓöÇΓöÇΓöÇΓöÇΓöÇΓöÇΓöÇΓöÇΓöÇΓöÇΓöÇΓöÇΓöÇΓöÇΓöÇΓöÇΓöÇΓöÇΓöÇΓöÇΓöÇΓöÇΓöÇΓöÇΓöÇΓöÇΓöÇΓöÇΓöÇΓöÇΓöÇΓöÇΓöÇΓöÇΓöÇΓöÇΓöÇΓöÇΓöÇΓöÇΓöÇΓöÇΓöÇΓöÇΓöÇΓöÇΓöÇΓöÇΓöÇΓöÇΓöÇΓöÇΓöÇΓöÇΓöÇΓöÇΓöÇΓöÇΓöÇΓöÇΓöÇΓöÇΓöÇΓöÇΓöÇΓöÇΓöÇΓöÇΓöÇΓöÇΓöÇ[0m

Terraform used the selected providers to generate the following execution
plan. Resource actions are indicated with the following symbols:
  [32m+[0m create[0m
[32m+[0m/[31m-[0m create replacement and then destroy[0m
 [36m<=[0m read (data resources)[0m

Terraform planned the following actions, but then encountered a problem:

[1m  # aws_ecr_repository.backend[0m will be created
[0m  [32m+[0m[0m resource "aws_ecr_repository" "backend" {
      [32m+[0m[0m arn                  = (known after apply)
      [32m+[0m[0m force_delete         = true
      [32m+[0m[0m id                   = (known after apply)
      [32m+[0m[0m image_tag_mutability = "MUTABLE"
      [32m+[0m[0m name                 = "lab-exam-backend"
      [32m+[0m[0m registry_id          = (known after apply)
      [32m+[0m[0m repository_url       = (known after apply)
      [32m+[0m[0m tags_all             = (known after apply)
    }

[1m  # aws_ecr_repository.frontend[0m will be created
[0m  [32m+[0m[0m resource "aws_ecr_repository" "frontend" {
      [32m+[0m[0m arn                  = (known after apply)
      [32m+[0m[0m force_delete         = true
      [32m+[0m[0m id                   = (known after apply)
      [32m+[0m[0m image_tag_mutability = "MUTABLE"
      [32m+[0m[0m name                 = "lab-exam-frontend"
      [32m+[0m[0m registry_id          = (known after apply)
      [32m+[0m[0m repository_url       = (known after apply)
      [32m+[0m[0m tags_all             = (known after apply)
    }

[1m  # helm_release.kube-prometheus-stack[0m will be created
[0m  [32m+[0m[0m resource "helm_release" "kube-prometheus-stack" {
      [32m+[0m[0m atomic                     = false
      [32m+[0m[0m chart                      = "kube-prometheus-stack"
      [32m+[0m[0m cleanup_on_fail            = false
      [32m+[0m[0m create_namespace           = true
      [32m+[0m[0m dependency_update          = false
      [32m+[0m[0m disable_crd_hooks          = false
      [32m+[0m[0m disable_openapi_validation = false
      [32m+[0m[0m disable_webhooks           = false
      [32m+[0m[0m force_update               = false
      [32m+[0m[0m id                         = (known after apply)
      [32m+[0m[0m lint                       = false
      [32m+[0m[0m manifest                   = (known after apply)
      [32m+[0m[0m max_history                = 0
      [32m+[0m[0m metadata                   = (known after apply)
      [32m+[0m[0m name                       = "prometheus-stack"
      [32m+[0m[0m namespace                  = "monitoring"
      [32m+[0m[0m pass_credentials           = false
      [32m+[0m[0m recreate_pods              = false
      [32m+[0m[0m render_subchart_notes      = true
      [32m+[0m[0m replace                    = false
      [32m+[0m[0m repository                 = "https://prometheus-community.github.io/helm-charts"
      [32m+[0m[0m reset_values               = false
      [32m+[0m[0m reuse_values               = false
      [32m+[0m[0m skip_crds                  = false
      [32m+[0m[0m status                     = "deployed"
      [32m+[0m[0m timeout                    = 300
      [32m+[0m[0m verify                     = false
      [32m+[0m[0m version                    = "80.4.2"
      [32m+[0m[0m wait                       = true
      [32m+[0m[0m wait_for_jobs              = false

      [32m+[0m[0m set {
          [32m+[0m[0m name  = "alertmanager.enabled"
          [32m+[0m[0m value = "false"
            [90m# (1 unchanged attribute hidden)[0m[0m
        }
      [32m+[0m[0m set {
          [32m+[0m[0m name  = "grafana.enabled"
          [32m+[0m[0m value = "true"
            [90m# (1 unchanged attribute hidden)[0m[0m
        }
      [32m+[0m[0m set {
          [32m+[0m[0m name  = "prometheus.enabled"
          [32m+[0m[0m value = "true"
            [90m# (1 unchanged attribute hidden)[0m[0m
        }
    }

[1m  # module.eks.data.tls_certificate.this[0][0m will be read during apply
  # (config refers to values not yet known)
[0m [36m<=[0m[0m data "tls_certificate" "this" {
      [32m+[0m[0m certificates = (known after apply)
      [32m+[0m[0m id           = (known after apply)
      [32m+[0m[0m url          = (known after apply)
    }

[1m  # module.eks.aws_cloudwatch_log_group.this[0][0m will be created
[0m  [32m+[0m[0m resource "aws_cloudwatch_log_group" "this" {
      [32m+[0m[0m arn               = (known after apply)
      [32m+[0m[0m id                = (known after apply)
      [32m+[0m[0m log_group_class   = (known after apply)
      [32m+[0m[0m name              = "/aws/eks/adeen-devops/cluster"
      [32m+[0m[0m name_prefix       = (known after apply)
      [32m+[0m[0m retention_in_days = 90
      [32m+[0m[0m skip_destroy      = false
      [32m+[0m[0m tags              = {
          [32m+[0m[0m "Environment" = "dev"
          [32m+[0m[0m "Name"        = "/aws/eks/adeen-devops/cluster"
          [32m+[0m[0m "Terraform"   = "true"
        }
      [32m+[0m[0m tags_all          = {
          [32m+[0m[0m "Environment" = "dev"
          [32m+[0m[0m "Name"        = "/aws/eks/adeen-devops/cluster"
          [32m+[0m[0m "Terraform"   = "true"
        }
    }

[1m  # module.eks.aws_ec2_tag.cluster_primary_security_group["Environment"][0m will be created
[0m  [32m+[0m[0m resource "aws_ec2_tag" "cluster_primary_security_group" {
      [32m+[0m[0m id          = (known after apply)
      [32m+[0m[0m key         = "Environment"
      [32m+[0m[0m resource_id = (known after apply)
      [32m+[0m[0m value       = "dev"
    }

[1m  # module.eks.aws_ec2_tag.cluster_primary_security_group["Terraform"][0m will be created
[0m  [32m+[0m[0m resource "aws_ec2_tag" "cluster_primary_security_group" {
      [32m+[0m[0m id          = (known after apply)
      [32m+[0m[0m key         = "Terraform"
      [32m+[0m[0m resource_id = (known after apply)
      [32m+[0m[0m value       = "true"
    }

[1m  # module.eks.aws_eks_access_entry.this["cluster_creator"][0m will be created
[0m  [32m+[0m[0m resource "aws_eks_access_entry" "this" {
      [32m+[0m[0m access_entry_arn  = (known after apply)
      [32m+[0m[0m cluster_name      = (known after apply)
      [32m+[0m[0m created_at        = (known after apply)
      [32m+[0m[0m id                = (known after apply)
      [32m+[0m[0m kubernetes_groups = (known after apply)
      [32m+[0m[0m modified_at       = (known after apply)
      [32m+[0m[0m principal_arn     = "arn:aws:iam::184437145027:user/DevOps_Lab"
      [32m+[0m[0m tags              = {
          [32m+[0m[0m "Environment" = "dev"
          [32m+[0m[0m "Terraform"   = "true"
        }
      [32m+[0m[0m tags_all          = {
          [32m+[0m[0m "Environment" = "dev"
          [32m+[0m[0m "Terraform"   = "true"
        }
      [32m+[0m[0m type              = "STANDARD"
      [32m+[0m[0m user_name         = (known after apply)
    }

[1m  # module.eks.aws_eks_access_policy_association.this["cluster_creator_admin"][0m will be created
[0m  [32m+[0m[0m resource "aws_eks_access_policy_association" "this" {
      [32m+[0m[0m associated_at = (known after apply)
      [32m+[0m[0m cluster_name  = (known after apply)
      [32m+[0m[0m id            = (known after apply)
      [32m+[0m[0m modified_at   = (known after apply)
      [32m+[0m[0m policy_arn    = "arn:aws:eks::aws:cluster-access-policy/AmazonEKSClusterAdminPolicy"
      [32m+[0m[0m principal_arn = "arn:aws:iam::184437145027:user/DevOps_Lab"

      [32m+[0m[0m access_scope {
          [32m+[0m[0m type = "cluster"
        }
    }

[1m  # module.eks.aws_eks_cluster.this[0][0m will be created
[0m  [32m+[0m[0m resource "aws_eks_cluster" "this" {
      [32m+[0m[0m arn                           = (known after apply)
      [32m+[0m[0m bootstrap_self_managed_addons = true
      [32m+[0m[0m certificate_authority         = (known after apply)
      [32m+[0m[0m cluster_id                    = (known after apply)
      [32m+[0m[0m created_at                    = (known after apply)
      [32m+[0m[0m enabled_cluster_log_types     = [
          [32m+[0m[0m "api",
          [32m+[0m[0m "audit",
          [32m+[0m[0m "authenticator",
        ]
      [32m+[0m[0m endpoint                      = (known after apply)
      [32m+[0m[0m id                            = (known after apply)
      [32m+[0m[0m identity                      = (known after apply)
      [32m+[0m[0m name                          = "adeen-devops"
      [32m+[0m[0m platform_version              = (known after apply)
      [32m+[0m[0m role_arn                      = (known after apply)
      [32m+[0m[0m status                        = (known after apply)
      [32m+[0m[0m tags                          = {
          [32m+[0m[0m "Environment"           = "dev"
          [32m+[0m[0m "Terraform"             = "true"
          [32m+[0m[0m "terraform-aws-modules" = "eks"
        }
      [32m+[0m[0m tags_all                      = {
          [32m+[0m[0m "Environment"           = "dev"
          [32m+[0m[0m "Terraform"             = "true"
          [32m+[0m[0m "terraform-aws-modules" = "eks"
        }
      [32m+[0m[0m version                       = "1.29"

      [32m+[0m[0m access_config {
          [32m+[0m[0m authentication_mode                         = "API_AND_CONFIG_MAP"
          [32m+[0m[0m bootstrap_cluster_creator_admin_permissions = false
        }

      [32m+[0m[0m encryption_config {
          [32m+[0m[0m resources = [
              [32m+[0m[0m "secrets",
            ]

          [32m+[0m[0m provider {
              [32m+[0m[0m key_arn = (known after apply)
            }
        }

      [32m+[0m[0m kubernetes_network_config {
          [32m+[0m[0m ip_family         = "ipv4"
          [32m+[0m[0m service_ipv4_cidr = (known after apply)
          [32m+[0m[0m service_ipv6_cidr = (known after apply)

          [32m+[0m[0m elastic_load_balancing (known after apply)
        }

      [32m+[0m[0m timeouts {}

      [32m+[0m[0m upgrade_policy (known after apply)

      [32m+[0m[0m vpc_config {
          [32m+[0m[0m cluster_security_group_id = (known after apply)
          [32m+[0m[0m endpoint_private_access   = true
          [32m+[0m[0m endpoint_public_access    = true
          [32m+[0m[0m public_access_cidrs       = [
              [32m+[0m[0m "0.0.0.0/0",
            ]
          [32m+[0m[0m security_group_ids        = (known after apply)
          [32m+[0m[0m subnet_ids                = (known after apply)
          [32m+[0m[0m vpc_id                    = (known after apply)
        }
    }

[1m  # module.eks.aws_iam_policy.cluster_encryption[0][0m will be created
[0m  [32m+[0m[0m resource "aws_iam_policy" "cluster_encryption" {
      [32m+[0m[0m arn              = (known after apply)
      [32m+[0m[0m attachment_count = (known after apply)
      [32m+[0m[0m description      = "Cluster encryption policy to allow cluster role to utilize CMK provided"
      [32m+[0m[0m id               = (known after apply)
      [32m+[0m[0m name             = (known after apply)
      [32m+[0m[0m name_prefix      = "adeen-devops-cluster-ClusterEncryption"
      [32m+[0m[0m path             = "/"
      [32m+[0m[0m policy           = (known after apply)
      [32m+[0m[0m policy_id        = (known after apply)
      [32m+[0m[0m tags             = {
          [32m+[0m[0m "Environment" = "dev"
          [32m+[0m[0m "Terraform"   = "true"
        }
      [32m+[0m[0m tags_all         = {
          [32m+[0m[0m "Environment" = "dev"
          [32m+[0m[0m "Terraform"   = "true"
        }
    }

[1m  # module.eks.aws_iam_policy.custom[0][0m will be created
[0m  [32m+[0m[0m resource "aws_iam_policy" "custom" {
      [32m+[0m[0m arn              = (known after apply)
      [32m+[0m[0m attachment_count = (known after apply)
      [32m+[0m[0m id               = (known after apply)
      [32m+[0m[0m name             = (known after apply)
      [32m+[0m[0m name_prefix      = "adeen-devops-cluster-"
      [32m+[0m[0m path             = "/"
      [32m+[0m[0m policy           = jsonencode(
            {
              [32m+[0m[0m Statement = [
                  [32m+[0m[0m {
                      [32m+[0m[0m Action    = [
                          [32m+[0m[0m "ec2:RunInstances",
                          [32m+[0m[0m "ec2:CreateLaunchTemplate",
                          [32m+[0m[0m "ec2:CreateFleet",
                        ]
                      [32m+[0m[0m Condition = {
                          [32m+[0m[0m StringEquals = {
                              [32m+[0m[0m "aws:RequestTag/eks:eks-cluster-name" = "${aws:PrincipalTag/eks:eks-cluster-name}"
                            }
                          [32m+[0m[0m StringLike   = {
                              [32m+[0m[0m "aws:RequestTag/eks:kubernetes-node-class-name" = "*"
                              [32m+[0m[0m "aws:RequestTag/eks:kubernetes-node-pool-name"  = "*"
                            }
                        }
                      [32m+[0m[0m Effect    = "Allow"
                      [32m+[0m[0m Resource  = "*"
                      [32m+[0m[0m Sid       = "Compute"
                    },
                  [32m+[0m[0m {
                      [32m+[0m[0m Action    = [
                          [32m+[0m[0m "ec2:CreateVolume",
                          [32m+[0m[0m "ec2:CreateSnapshot",
                        ]
                      [32m+[0m[0m Condition = {
                          [32m+[0m[0m StringEquals = {
                              [32m+[0m[0m "aws:RequestTag/eks:eks-cluster-name" = "${aws:PrincipalTag/eks:eks-cluster-name}"
                            }
                        }
                      [32m+[0m[0m Effect    = "Allow"
                      [32m+[0m[0m Resource  = [
                          [32m+[0m[0m "arn:aws:ec2:*:*:volume/*",
                          [32m+[0m[0m "arn:aws:ec2:*:*:snapshot/*",
                        ]
                      [32m+[0m[0m Sid       = "Storage"
                    },
                  [32m+[0m[0m {
                      [32m+[0m[0m Action    = "ec2:CreateNetworkInterface"
                      [32m+[0m[0m Condition = {
                          [32m+[0m[0m StringEquals = {
                              [32m+[0m[0m "aws:RequestTag/eks:eks-cluster-name"         = "${aws:PrincipalTag/eks:eks-cluster-name}"
                              [32m+[0m[0m "aws:RequestTag/eks:kubernetes-cni-node-name" = "*"
                            }
                        }
                      [32m+[0m[0m Effect    = "Allow"
                      [32m+[0m[0m Resource  = "*"
                      [32m+[0m[0m Sid       = "Networking"
                    },
                  [32m+[0m[0m {
                      [32m+[0m[0m Action    = [
                          [32m+[0m[0m "elasticloadbalancing:CreateTargetGroup",
                          [32m+[0m[0m "elasticloadbalancing:CreateRule",
                          [32m+[0m[0m "elasticloadbalancing:CreateLoadBalancer",
                          [32m+[0m[0m "elasticloadbalancing:CreateListener",
                          [32m+[0m[0m "ec2:CreateSecurityGroup",
                        ]
                      [32m+[0m[0m Condition = {
                          [32m+[0m[0m StringEquals = {
                              [32m+[0m[0m "aws:RequestTag/eks:eks-cluster-name" = "${aws:PrincipalTag/eks:eks-cluster-name}"
                            }
                        }
                      [32m+[0m[0m Effect    = "Allow"
                      [32m+[0m[0m Resource  = "*"
                      [32m+[0m[0m Sid       = "LoadBalancer"
                    },
                  [32m+[0m[0m {
                      [32m+[0m[0m Action    = "shield:CreateProtection"
                      [32m+[0m[0m Condition = {
                          [32m+[0m[0m StringEquals = {
                              [32m+[0m[0m "aws:RequestTag/eks:eks-cluster-name" = "${aws:PrincipalTag/eks:eks-cluster-name}"
                            }
                        }
                      [32m+[0m[0m Effect    = "Allow"
                      [32m+[0m[0m Resource  = "*"
                      [32m+[0m[0m Sid       = "ShieldProtection"
                    },
                  [32m+[0m[0m {
                      [32m+[0m[0m Action    = "shield:TagResource"
                      [32m+[0m[0m Condition = {
                          [32m+[0m[0m StringEquals = {
                              [32m+[0m[0m "aws:RequestTag/eks:eks-cluster-name" = "${aws:PrincipalTag/eks:eks-cluster-name}"
                            }
                        }
                      [32m+[0m[0m Effect    = "Allow"
                      [32m+[0m[0m Resource  = "arn:aws:shield::*:protection/*"
                      [32m+[0m[0m Sid       = "ShieldTagResource"
                    },
                ]
              [32m+[0m[0m Version   = "2012-10-17"
            }
        )
      [32m+[0m[0m policy_id        = (known after apply)
      [32m+[0m[0m tags             = {
          [32m+[0m[0m "Environment" = "dev"
          [32m+[0m[0m "Terraform"   = "true"
        }
      [32m+[0m[0m tags_all         = {
          [32m+[0m[0m "Environment" = "dev"
          [32m+[0m[0m "Terraform"   = "true"
        }
    }

[1m  # module.eks.aws_iam_role.this[0][0m will be created
[0m  [32m+[0m[0m resource "aws_iam_role" "this" {
      [32m+[0m[0m arn                   = (known after apply)
      [32m+[0m[0m assume_role_policy    = jsonencode(
            {
              [32m+[0m[0m Statement = [
                  [32m+[0m[0m {
                      [32m+[0m[0m Action    = [
                          [32m+[0m[0m "sts:TagSession",
                          [32m+[0m[0m "sts:AssumeRole",
                        ]
                      [32m+[0m[0m Effect    = "Allow"
                      [32m+[0m[0m Principal = {
                          [32m+[0m[0m Service = "eks.amazonaws.com"
                        }
                      [32m+[0m[0m Sid       = "EKSClusterAssumeRole"
                    },
                ]
              [32m+[0m[0m Version   = "2012-10-17"
            }
        )
      [32m+[0m[0m create_date           = (known after apply)
      [32m+[0m[0m force_detach_policies = true
      [32m+[0m[0m id                    = (known after apply)
      [32m+[0m[0m managed_policy_arns   = (known after apply)
      [32m+[0m[0m max_session_duration  = 3600
      [32m+[0m[0m name                  = (known after apply)
      [32m+[0m[0m name_prefix           = "adeen-devops-cluster-"
      [32m+[0m[0m path                  = "/"
      [32m+[0m[0m tags                  = {
          [32m+[0m[0m "Environment" = "dev"
          [32m+[0m[0m "Terraform"   = "true"
        }
      [32m+[0m[0m tags_all              = {
          [32m+[0m[0m "Environment" = "dev"
          [32m+[0m[0m "Terraform"   = "true"
        }
      [32m+[0m[0m unique_id             = (known after apply)

      [32m+[0m[0m inline_policy (known after apply)
    }

[1m  # module.eks.aws_iam_role_policy_attachment.cluster_encryption[0][0m will be created
[0m  [32m+[0m[0m resource "aws_iam_role_policy_attachment" "cluster_encryption" {
      [32m+[0m[0m id         = (known after apply)
      [32m+[0m[0m policy_arn = (known after apply)
      [32m+[0m[0m role       = (known after apply)
    }

[1m  # module.eks.aws_iam_role_policy_attachment.custom[0][0m will be created
[0m  [32m+[0m[0m resource "aws_iam_role_policy_attachment" "custom" {
      [32m+[0m[0m id         = (known after apply)
      [32m+[0m[0m policy_arn = (known after apply)
      [32m+[0m[0m role       = (known after apply)
    }

[1m  # module.eks.aws_iam_role_policy_attachment.this["AmazonEKSClusterPolicy"][0m will be created
[0m  [32m+[0m[0m resource "aws_iam_role_policy_attachment" "this" {
      [32m+[0m[0m id         = (known after apply)
      [32m+[0m[0m policy_arn = "arn:aws:iam::aws:policy/AmazonEKSClusterPolicy"
      [32m+[0m[0m role       = (known after apply)
    }

[1m  # module.eks.aws_iam_role_policy_attachment.this["AmazonEKSVPCResourceController"][0m will be created
[0m  [32m+[0m[0m resource "aws_iam_role_policy_attachment" "this" {
      [32m+[0m[0m id         = (known after apply)
      [32m+[0m[0m policy_arn = "arn:aws:iam::aws:policy/AmazonEKSVPCResourceController"
      [32m+[0m[0m role       = (known after apply)
    }

[1m  # module.eks.aws_security_group.cluster[0][0m will be created
[0m  [32m+[0m[0m resource "aws_security_group" "cluster" {
      [32m+[0m[0m arn                    = (known after apply)
      [32m+[0m[0m description            = "EKS cluster security group"
      [32m+[0m[0m egress                 = (known after apply)
      [32m+[0m[0m id                     = (known after apply)
      [32m+[0m[0m ingress                = (known after apply)
      [32m+[0m[0m name                   = (known after apply)
      [32m+[0m[0m name_prefix            = "adeen-devops-cluster-"
      [32m+[0m[0m owner_id               = (known after apply)
      [32m+[0m[0m revoke_rules_on_delete = false
      [32m+[0m[0m tags                   = {
          [32m+[0m[0m "Environment" = "dev"
          [32m+[0m[0m "Name"        = "adeen-devops-cluster"
          [32m+[0m[0m "Terraform"   = "true"
        }
      [32m+[0m[0m tags_all               = {
          [32m+[0m[0m "Environment" = "dev"
          [32m+[0m[0m "Name"        = "adeen-devops-cluster"
          [32m+[0m[0m "Terraform"   = "true"
        }
      [32m+[0m[0m vpc_id                 = (known after apply)
    }

[1m  # module.eks.aws_security_group.node[0][0m will be created
[0m  [32m+[0m[0m resource "aws_security_group" "node" {
      [32m+[0m[0m arn                    = (known after apply)
      [32m+[0m[0m description            = "EKS node shared security group"
      [32m+[0m[0m egress                 = (known after apply)
      [32m+[0m[0m id                     = (known after apply)
      [32m+[0m[0m ingress                = (known after apply)
      [32m+[0m[0m name                   = (known after apply)
      [32m+[0m[0m name_prefix            = "adeen-devops-node-"
      [32m+[0m[0m owner_id               = (known after apply)
      [32m+[0m[0m revoke_rules_on_delete = false
      [32m+[0m[0m tags                   = {
          [32m+[0m[0m "Environment"                        = "dev"
          [32m+[0m[0m "Name"                               = "adeen-devops-node"
          [32m+[0m[0m "Terraform"                          = "true"
          [32m+[0m[0m "kubernetes.io/cluster/adeen-devops" = "owned"
        }
      [32m+[0m[0m tags_all               = {
          [32m+[0m[0m "Environment"                        = "dev"
          [32m+[0m[0m "Name"                               = "adeen-devops-node"
          [32m+[0m[0m "Terraform"                          = "true"
          [32m+[0m[0m "kubernetes.io/cluster/adeen-devops" = "owned"
        }
      [32m+[0m[0m vpc_id                 = (known after apply)
    }

[1m  # module.eks.aws_security_group_rule.cluster["ingress_nodes_443"][0m will be created
[0m  [32m+[0m[0m resource "aws_security_group_rule" "cluster" {
      [32m+[0m[0m description              = "Node groups to cluster API"
      [32m+[0m[0m from_port                = 443
      [32m+[0m[0m id                       = (known after apply)
      [32m+[0m[0m protocol                 = "tcp"
      [32m+[0m[0m security_group_id        = (known after apply)
      [32m+[0m[0m security_group_rule_id   = (known after apply)
      [32m+[0m[0m self                     = false
      [32m+[0m[0m source_security_group_id = (known after apply)
      [32m+[0m[0m to_port                  = 443
      [32m+[0m[0m type                     = "ingress"
    }

[1m  # module.eks.aws_security_group_rule.node["egress_all"][0m will be created
[0m  [32m+[0m[0m resource "aws_security_group_rule" "node" {
      [32m+[0m[0m cidr_blocks              = [
          [32m+[0m[0m "0.0.0.0/0",
        ]
      [32m+[0m[0m description              = "Allow all egress"
      [32m+[0m[0m from_port                = 0
      [32m+[0m[0m id                       = (known after apply)
      [32m+[0m[0m prefix_list_ids          = []
      [32m+[0m[0m protocol                 = "-1"
      [32m+[0m[0m security_group_id        = (known after apply)
      [32m+[0m[0m security_group_rule_id   = (known after apply)
      [32m+[0m[0m self                     = false
      [32m+[0m[0m source_security_group_id = (known after apply)
      [32m+[0m[0m to_port                  = 0
      [32m+[0m[0m type                     = "egress"
    }

[1m  # module.eks.aws_security_group_rule.node["ingress_cluster_443"][0m will be created
[0m  [32m+[0m[0m resource "aws_security_group_rule" "node" {
      [32m+[0m[0m description              = "Cluster API to node groups"
      [32m+[0m[0m from_port                = 443
      [32m+[0m[0m id                       = (known after apply)
      [32m+[0m[0m prefix_list_ids          = []
      [32m+[0m[0m protocol                 = "tcp"
      [32m+[0m[0m security_group_id        = (known after apply)
      [32m+[0m[0m security_group_rule_id   = (known after apply)
      [32m+[0m[0m self                     = false
      [32m+[0m[0m source_security_group_id = (known after apply)
      [32m+[0m[0m to_port                  = 443
      [32m+[0m[0m type                     = "ingress"
    }

[1m  # module.eks.aws_security_group_rule.node["ingress_cluster_4443_webhook"][0m will be created
[0m  [32m+[0m[0m resource "aws_security_group_rule" "node" {
      [32m+[0m[0m description              = "Cluster API to node 4443/tcp webhook"
      [32m+[0m[0m from_port                = 4443
      [32m+[0m[0m id                       = (known after apply)
      [32m+[0m[0m prefix_list_ids          = []
      [32m+[0m[0m protocol                 = "tcp"
      [32m+[0m[0m security_group_id        = (known after apply)
      [32m+[0m[0m security_group_rule_id   = (known after apply)
      [32m+[0m[0m self                     = false
      [32m+[0m[0m source_security_group_id = (known after apply)
      [32m+[0m[0m to_port                  = 4443
      [32m+[0m[0m type                     = "ingress"
    }

[1m  # module.eks.aws_security_group_rule.node["ingress_cluster_6443_webhook"][0m will be created
[0m  [32m+[0m[0m resource "aws_security_group_rule" "node" {
      [32m+[0m[0m description              = "Cluster API to node 6443/tcp webhook"
      [32m+[0m[0m from_port                = 6443
      [32m+[0m[0m id                       = (known after apply)
      [32m+[0m[0m prefix_list_ids          = []
      [32m+[0m[0m protocol                 = "tcp"
      [32m+[0m[0m security_group_id        = (known after apply)
      [32m+[0m[0m security_group_rule_id   = (known after apply)
      [32m+[0m[0m self                     = false
      [32m+[0m[0m source_security_group_id = (known after apply)
      [32m+[0m[0m to_port                  = 6443
      [32m+[0m[0m type                     = "ingress"
    }

[1m  # module.eks.aws_security_group_rule.node["ingress_cluster_8443_webhook"][0m will be created
[0m  [32m+[0m[0m resource "aws_security_group_rule" "node" {
      [32m+[0m[0m description              = "Cluster API to node 8443/tcp webhook"
      [32m+[0m[0m from_port                = 8443
      [32m+[0m[0m id                       = (known after apply)
      [32m+[0m[0m prefix_list_ids          = []
      [32m+[0m[0m protocol                 = "tcp"
      [32m+[0m[0m security_group_id        = (known after apply)
      [32m+[0m[0m security_group_rule_id   = (known after apply)
      [32m+[0m[0m self                     = false
      [32m+[0m[0m source_security_group_id = (known after apply)
      [32m+[0m[0m to_port                  = 8443
      [32m+[0m[0m type                     = "ingress"
    }

[1m  # module.eks.aws_security_group_rule.node["ingress_cluster_9443_webhook"][0m will be created
[0m  [32m+[0m[0m resource "aws_security_group_rule" "node" {
      [32m+[0m[0m description              = "Cluster API to node 9443/tcp webhook"
      [32m+[0m[0m from_port                = 9443
      [32m+[0m[0m id                       = (known after apply)
      [32m+[0m[0m prefix_list_ids          = []
      [32m+[0m[0m protocol                 = "tcp"
      [32m+[0m[0m security_group_id        = (known after apply)
      [32m+[0m[0m security_group_rule_id   = (known after apply)
      [32m+[0m[0m self                     = false
      [32m+[0m[0m source_security_group_id = (known after apply)
      [32m+[0m[0m to_port                  = 9443
      [32m+[0m[0m type                     = "ingress"
    }

[1m  # module.eks.aws_security_group_rule.node["ingress_cluster_kubelet"][0m will be created
[0m  [32m+[0m[0m resource "aws_security_group_rule" "node" {
      [32m+[0m[0m description              = "Cluster API to node kubelets"
      [32m+[0m[0m from_port                = 10250
      [32m+[0m[0m id                       = (known after apply)
      [32m+[0m[0m prefix_list_ids          = []
      [32m+[0m[0m protocol                 = "tcp"
      [32m+[0m[0m security_group_id        = (known after apply)
      [32m+[0m[0m security_group_rule_id   = (known after apply)
      [32m+[0m[0m self                     = false
      [32m+[0m[0m source_security_group_id = (known after apply)
      [32m+[0m[0m to_port                  = 10250
      [32m+[0m[0m type                     = "ingress"
    }

[1m  # module.eks.aws_security_group_rule.node["ingress_nodes_ephemeral"][0m will be created
[0m  [32m+[0m[0m resource "aws_security_group_rule" "node" {
      [32m+[0m[0m description              = "Node to node ingress on ephemeral ports"
      [32m+[0m[0m from_port                = 1025
      [32m+[0m[0m id                       = (known after apply)
      [32m+[0m[0m prefix_list_ids          = []
      [32m+[0m[0m protocol                 = "tcp"
      [32m+[0m[0m security_group_id        = (known after apply)
      [32m+[0m[0m security_group_rule_id   = (known after apply)
      [32m+[0m[0m self                     = true
      [32m+[0m[0m source_security_group_id = (known after apply)
      [32m+[0m[0m to_port                  = 65535
      [32m+[0m[0m type                     = "ingress"
    }

[1m  # module.eks.aws_security_group_rule.node["ingress_self_coredns_tcp"][0m will be created
[0m  [32m+[0m[0m resource "aws_security_group_rule" "node" {
      [32m+[0m[0m description              = "Node to node CoreDNS"
      [32m+[0m[0m from_port                = 53
      [32m+[0m[0m id                       = (known after apply)
      [32m+[0m[0m prefix_list_ids          = []
      [32m+[0m[0m protocol                 = "tcp"
      [32m+[0m[0m security_group_id        = (known after apply)
      [32m+[0m[0m security_group_rule_id   = (known after apply)
      [32m+[0m[0m self                     = true
      [32m+[0m[0m source_security_group_id = (known after apply)
      [32m+[0m[0m to_port                  = 53
      [32m+[0m[0m type                     = "ingress"
    }

[1m  # module.eks.aws_security_group_rule.node["ingress_self_coredns_udp"][0m will be created
[0m  [32m+[0m[0m resource "aws_security_group_rule" "node" {
      [32m+[0m[0m description              = "Node to node CoreDNS UDP"
      [32m+[0m[0m from_port                = 53
      [32m+[0m[0m id                       = (known after apply)
      [32m+[0m[0m prefix_list_ids          = []
      [32m+[0m[0m protocol                 = "udp"
      [32m+[0m[0m security_group_id        = (known after apply)
      [32m+[0m[0m security_group_rule_id   = (known after apply)
      [32m+[0m[0m self                     = true
      [32m+[0m[0m source_security_group_id = (known after apply)
      [32m+[0m[0m to_port                  = 53
      [32m+[0m[0m type                     = "ingress"
    }

[1m  # module.eks.time_sleep.this[0][0m must be [1m[31mreplaced[0m
[0m[32m+[0m/[31m-[0m[0m resource "time_sleep" "this" {
      [33m~[0m[0m id              = "2025-12-17T19:19:17Z" -> (known after apply)
      [33m~[0m[0m triggers        = { [31m# forces replacement[0m[0m
          [33m~[0m[0m "cluster_certificate_authority_data" = "LS0tLS1CRUdJTiBDRVJUSUZJQ0FURS0tLS0tCk1JSURCVENDQWUyZ0F3SUJBZ0lJZXJNZTZ2cGJBM0F3RFFZSktvWklodmNOQVFFTEJRQXdGVEVUTUJFR0ExVUUKQXhNS2EzVmlaWEp1WlhSbGN6QWVGdzB5TlRFeU1UY3hPVEE1TkROYUZ3MHpOVEV5TVRVeE9URTBORE5hTUJVeApFekFSQmdOVkJBTVRDbXQxWW1WeWJtVjBaWE13Z2dFaU1BMEdDU3FHU0liM0RRRUJBUVVBQTRJQkR3QXdnZ0VLCkFvSUJBUURHTi9vZjVYbnNzNll4V3F0b0pxNUlpbUZKSmYrSUVySkxudDdhTXMrbFljd1NWbUxKbVVDcDFVVUEKdnpEVW1aS0VlWHg2NTdtMytUWE1kMDMxaFNENmRBR0ZCbHJnRm8xVjdrV1hWcDFva09aa1VXcllmditjbmp5QQp4dG1QWmN2UTBxZCtTdnQyYTI3emRHc1VjWmIreFJmMHhNWVpMeVN5MVNtZSt4U0kreDVOMy9IQlljNHM5V2l1CmpHSXpvUjBOYlV5TzBqajNmVkhJUDJBMjFrMlJuL0FqdkF4dlllN1ozdWMzdUpxL1A4WFJFRGcyWndFb3BOd2MKOVRUMzhLcVRZQWtudjFERkMzck1QQ0JUa0lZQURnMmIrQnVrSWFrditTZWJzWDRXa08wK1YydGpqSFpQTVpJWApPNVcraXVMbVhXQ2c3WVhsTFliTjlLOHlKNFBWQWdNQkFBR2pXVEJYTUE0R0ExVWREd0VCL3dRRUF3SUNwREFQCkJnTlZIUk1CQWY4RUJUQURBUUgvTUIwR0ExVWREZ1FXQkJUTnlMODcycmErbXNJOVEwU3piaFpHQ3AvNmh6QVYKQmdOVkhSRUVEakFNZ2dwcmRXSmxjbTVsZEdWek1BMEdDU3FHU0liM0RRRUJDd1VBQTRJQkFRQTlqNGwxcTdzRApMcEJkUG9vb2llaEFaL1YwV2RKVkk2MHNoUHdhSk5HZDNIV1NwSm11Wm5Edlg1cTVGYWs1WjVPa01GWS9YRHArCjdSbTJpVkJZRzk3bHMzUW1vWmNGYXZEZVlXcG1yeFkxaWFtUldCVFhvRnFvMnlTakREMXhCdnZxMVVkd1c4cjcKQUFtbU9kcXhWa3l2SDdxdFpPUmw3MlB1TXhVbUlpVUVKMmxTYzBKUE9VV0srQUQrSGw0SWdaamNNQ1lZaS85eApiYWV3OXFkRlYyaTdDYnp3UmIvczltc1hXUE1kRXVURmhzNnczL2txRk03V0h3Z0dmTXFMV1hFTElTVm44VGRUCnBhbHJnVUg0MmFSTFpqNFZlOTZnbGYydnFPancxMm45Yk93Y3FIeEZ0eVZsbEpuWktmM0gwdnFkcnRuTzMrU3IKS2hwZDZxdnBraHA4Ci0tLS0tRU5EIENFUlRJRklDQVRFLS0tLS0K" -> (known after apply)
          [33m~[0m[0m "cluster_endpoint"                   = "https://B5113D008CC955638F661E28A2084147.gr7.us-east-1.eks.amazonaws.com" -> (known after apply)
          [33m~[0m[0m "cluster_name"                       = "devops-mid-lab-cluster" -> (known after apply)
          [33m~[0m[0m "cluster_service_cidr"               = "172.20.0.0/16" -> (known after apply)
            [90m# (1 unchanged element hidden)[0m[0m
        }
        [90m# (1 unchanged attribute hidden)[0m[0m
    }

[1m  # module.security_group.aws_security_group.this_name_prefix[0][0m will be created
[0m  [32m+[0m[0m resource "aws_security_group" "this_name_prefix" {
      [32m+[0m[0m arn                    = (known after apply)
      [32m+[0m[0m description            = "Complete PostgreSQL example security group"
      [32m+[0m[0m egress                 = (known after apply)
      [32m+[0m[0m id                     = (known after apply)
      [32m+[0m[0m ingress                = (known after apply)
      [32m+[0m[0m name                   = (known after apply)
      [32m+[0m[0m name_prefix            = "devops-mid-lab-db-sg-"
      [32m+[0m[0m owner_id               = (known after apply)
      [32m+[0m[0m revoke_rules_on_delete = false
      [32m+[0m[0m tags                   = {
          [32m+[0m[0m "Name" = "devops-mid-lab-db-sg"
        }
      [32m+[0m[0m tags_all               = {
          [32m+[0m[0m "Name" = "devops-mid-lab-db-sg"
        }
      [32m+[0m[0m vpc_id                 = (known after apply)

      [32m+[0m[0m timeouts {
          [32m+[0m[0m create = "10m"
          [32m+[0m[0m delete = "15m"
        }
    }

[1m  # module.security_group.aws_security_group_rule.ingress_with_cidr_blocks[0][0m will be created
[0m  [32m+[0m[0m resource "aws_security_group_rule" "ingress_with_cidr_blocks" {
      [32m+[0m[0m cidr_blocks              = [
          [32m+[0m[0m "10.0.0.0/16",
        ]
      [32m+[0m[0m description              = "PostgreSQL access from within VPC"
      [32m+[0m[0m from_port                = 5432
      [32m+[0m[0m id                       = (known after apply)
      [32m+[0m[0m protocol                 = "tcp"
      [32m+[0m[0m security_group_id        = (known after apply)
      [32m+[0m[0m security_group_rule_id   = (known after apply)
      [32m+[0m[0m self                     = false
      [32m+[0m[0m source_security_group_id = (known after apply)
      [32m+[0m[0m to_port                  = 5432
      [32m+[0m[0m type                     = "ingress"
    }

[1m  # module.vpc.aws_default_network_acl.this[0][0m will be created
[0m  [32m+[0m[0m resource "aws_default_network_acl" "this" {
      [32m+[0m[0m arn                    = (known after apply)
      [32m+[0m[0m default_network_acl_id = (known after apply)
      [32m+[0m[0m id                     = (known after apply)
      [32m+[0m[0m owner_id               = (known after apply)
      [32m+[0m[0m tags                   = {
          [32m+[0m[0m "Environment" = "dev"
          [32m+[0m[0m "Name"        = "devops-mid-lab-vpc-default"
          [32m+[0m[0m "Project"     = "devops-mid-lab"
          [32m+[0m[0m "Terraform"   = "true"
        }
      [32m+[0m[0m tags_all               = {
          [32m+[0m[0m "Environment" = "dev"
          [32m+[0m[0m "Name"        = "devops-mid-lab-vpc-default"
          [32m+[0m[0m "Project"     = "devops-mid-lab"
          [32m+[0m[0m "Terraform"   = "true"
        }
      [32m+[0m[0m vpc_id                 = (known after apply)

      [32m+[0m[0m egress {
          [32m+[0m[0m action          = "allow"
          [32m+[0m[0m from_port       = 0
          [32m+[0m[0m ipv6_cidr_block = "::/0"
          [32m+[0m[0m protocol        = "-1"
          [32m+[0m[0m rule_no         = 101
          [32m+[0m[0m to_port         = 0
            [90m# (1 unchanged attribute hidden)[0m[0m
        }
      [32m+[0m[0m egress {
          [32m+[0m[0m action          = "allow"
          [32m+[0m[0m cidr_block      = "0.0.0.0/0"
          [32m+[0m[0m from_port       = 0
          [32m+[0m[0m protocol        = "-1"
          [32m+[0m[0m rule_no         = 100
          [32m+[0m[0m to_port         = 0
            [90m# (1 unchanged attribute hidden)[0m[0m
        }

      [32m+[0m[0m ingress {
          [32m+[0m[0m action          = "allow"
          [32m+[0m[0m from_port       = 0
          [32m+[0m[0m ipv6_cidr_block = "::/0"
          [32m+[0m[0m protocol        = "-1"
          [32m+[0m[0m rule_no         = 101
          [32m+[0m[0m to_port         = 0
            [90m# (1 unchanged attribute hidden)[0m[0m
        }
      [32m+[0m[0m ingress {
          [32m+[0m[0m action          = "allow"
          [32m+[0m[0m cidr_block      = "0.0.0.0/0"
          [32m+[0m[0m from_port       = 0
          [32m+[0m[0m protocol        = "-1"
          [32m+[0m[0m rule_no         = 100
          [32m+[0m[0m to_port         = 0
            [90m# (1 unchanged attribute hidden)[0m[0m
        }
    }

[1m  # module.vpc.aws_default_route_table.default[0][0m will be created
[0m  [32m+[0m[0m resource "aws_default_route_table" "default" {
      [32m+[0m[0m arn                    = (known after apply)
      [32m+[0m[0m default_route_table_id = (known after apply)
      [32m+[0m[0m id                     = (known after apply)
      [32m+[0m[0m owner_id               = (known after apply)
      [32m+[0m[0m route                  = (known after apply)
      [32m+[0m[0m tags                   = {
          [32m+[0m[0m "Environment" = "dev"
          [32m+[0m[0m "Name"        = "devops-mid-lab-vpc-default"
          [32m+[0m[0m "Project"     = "devops-mid-lab"
          [32m+[0m[0m "Terraform"   = "true"
        }
      [32m+[0m[0m tags_all               = {
          [32m+[0m[0m "Environment" = "dev"
          [32m+[0m[0m "Name"        = "devops-mid-lab-vpc-default"
          [32m+[0m[0m "Project"     = "devops-mid-lab"
          [32m+[0m[0m "Terraform"   = "true"
        }
      [32m+[0m[0m vpc_id                 = (known after apply)

      [32m+[0m[0m timeouts {
          [32m+[0m[0m create = "5m"
          [32m+[0m[0m update = "5m"
        }
    }

[1m  # module.vpc.aws_default_security_group.this[0][0m will be created
[0m  [32m+[0m[0m resource "aws_default_security_group" "this" {
      [32m+[0m[0m arn                    = (known after apply)
      [32m+[0m[0m description            = (known after apply)
      [32m+[0m[0m egress                 = (known after apply)
      [32m+[0m[0m id                     = (known after apply)
      [32m+[0m[0m ingress                = (known after apply)
      [32m+[0m[0m name                   = (known after apply)
      [32m+[0m[0m name_prefix            = (known after apply)
      [32m+[0m[0m owner_id               = (known after apply)
      [32m+[0m[0m revoke_rules_on_delete = false
      [32m+[0m[0m tags                   = {
          [32m+[0m[0m "Environment" = "dev"
          [32m+[0m[0m "Name"        = "devops-mid-lab-vpc-default"
          [32m+[0m[0m "Project"     = "devops-mid-lab"
          [32m+[0m[0m "Terraform"   = "true"
        }
      [32m+[0m[0m tags_all               = {
          [32m+[0m[0m "Environment" = "dev"
          [32m+[0m[0m "Name"        = "devops-mid-lab-vpc-default"
          [32m+[0m[0m "Project"     = "devops-mid-lab"
          [32m+[0m[0m "Terraform"   = "true"
        }
      [32m+[0m[0m vpc_id                 = (known after apply)
    }

[1m  # module.vpc.aws_eip.nat[0][0m will be created
[0m  [32m+[0m[0m resource "aws_eip" "nat" {
      [32m+[0m[0m allocation_id        = (known after apply)
      [32m+[0m[0m arn                  = (known after apply)
      [32m+[0m[0m association_id       = (known after apply)
      [32m+[0m[0m carrier_ip           = (known after apply)
      [32m+[0m[0m customer_owned_ip    = (known after apply)
      [32m+[0m[0m domain               = "vpc"
      [32m+[0m[0m id                   = (known after apply)
      [32m+[0m[0m instance             = (known after apply)
      [32m+[0m[0m ipam_pool_id         = (known after apply)
      [32m+[0m[0m network_border_group = (known after apply)
      [32m+[0m[0m network_interface    = (known after apply)
      [32m+[0m[0m private_dns          = (known after apply)
      [32m+[0m[0m private_ip           = (known after apply)
      [32m+[0m[0m ptr_record           = (known after apply)
      [32m+[0m[0m public_dns           = (known after apply)
      [32m+[0m[0m public_ip            = (known after apply)
      [32m+[0m[0m public_ipv4_pool     = (known after apply)
      [32m+[0m[0m tags                 = {
          [32m+[0m[0m "Environment" = "dev"
          [32m+[0m[0m "Name"        = "devops-mid-lab-vpc-us-east-1a"
          [32m+[0m[0m "Project"     = "devops-mid-lab"
          [32m+[0m[0m "Terraform"   = "true"
        }
      [32m+[0m[0m tags_all             = {
          [32m+[0m[0m "Environment" = "dev"
          [32m+[0m[0m "Name"        = "devops-mid-lab-vpc-us-east-1a"
          [32m+[0m[0m "Project"     = "devops-mid-lab"
          [32m+[0m[0m "Terraform"   = "true"
        }
      [32m+[0m[0m vpc                  = (known after apply)
    }

[1m  # module.vpc.aws_internet_gateway.this[0][0m will be created
[0m  [32m+[0m[0m resource "aws_internet_gateway" "this" {
      [32m+[0m[0m arn      = (known after apply)
      [32m+[0m[0m id       = (known after apply)
      [32m+[0m[0m owner_id = (known after apply)
      [32m+[0m[0m tags     = {
          [32m+[0m[0m "Environment" = "dev"
          [32m+[0m[0m "Name"        = "devops-mid-lab-vpc"
          [32m+[0m[0m "Project"     = "devops-mid-lab"
          [32m+[0m[0m "Terraform"   = "true"
        }
      [32m+[0m[0m tags_all = {
          [32m+[0m[0m "Environment" = "dev"
          [32m+[0m[0m "Name"        = "devops-mid-lab-vpc"
          [32m+[0m[0m "Project"     = "devops-mid-lab"
          [32m+[0m[0m "Terraform"   = "true"
        }
      [32m+[0m[0m vpc_id   = (known after apply)
    }

[1m  # module.vpc.aws_nat_gateway.this[0][0m will be created
[0m  [32m+[0m[0m resource "aws_nat_gateway" "this" {
      [32m+[0m[0m allocation_id                      = (known after apply)
      [32m+[0m[0m association_id                     = (known after apply)
      [32m+[0m[0m connectivity_type                  = "public"
      [32m+[0m[0m id                                 = (known after apply)
      [32m+[0m[0m network_interface_id               = (known after apply)
      [32m+[0m[0m private_ip                         = (known after apply)
      [32m+[0m[0m public_ip                          = (known after apply)
      [32m+[0m[0m secondary_private_ip_address_count = (known after apply)
      [32m+[0m[0m secondary_private_ip_addresses     = (known after apply)
      [32m+[0m[0m subnet_id                          = (known after apply)
      [32m+[0m[0m tags                               = {
          [32m+[0m[0m "Environment" = "dev"
          [32m+[0m[0m "Name"        = "devops-mid-lab-vpc-us-east-1a"
          [32m+[0m[0m "Project"     = "devops-mid-lab"
          [32m+[0m[0m "Terraform"   = "true"
        }
      [32m+[0m[0m tags_all                           = {
          [32m+[0m[0m "Environment" = "dev"
          [32m+[0m[0m "Name"        = "devops-mid-lab-vpc-us-east-1a"
          [32m+[0m[0m "Project"     = "devops-mid-lab"
          [32m+[0m[0m "Terraform"   = "true"
        }
    }

[1m  # module.vpc.aws_route.private_nat_gateway[0][0m will be created
[0m  [32m+[0m[0m resource "aws_route" "private_nat_gateway" {
      [32m+[0m[0m destination_cidr_block = "0.0.0.0/0"
      [32m+[0m[0m id                     = (known after apply)
      [32m+[0m[0m instance_id            = (known after apply)
      [32m+[0m[0m instance_owner_id      = (known after apply)
      [32m+[0m[0m nat_gateway_id         = (known after apply)
      [32m+[0m[0m network_interface_id   = (known after apply)
      [32m+[0m[0m origin                 = (known after apply)
      [32m+[0m[0m route_table_id         = (known after apply)
      [32m+[0m[0m state                  = (known after apply)

      [32m+[0m[0m timeouts {
          [32m+[0m[0m create = "5m"
        }
    }

[1m  # module.vpc.aws_route.public_internet_gateway[0][0m will be created
[0m  [32m+[0m[0m resource "aws_route" "public_internet_gateway" {
      [32m+[0m[0m destination_cidr_block = "0.0.0.0/0"
      [32m+[0m[0m gateway_id             = (known after apply)
      [32m+[0m[0m id                     = (known after apply)
      [32m+[0m[0m instance_id            = (known after apply)
      [32m+[0m[0m instance_owner_id      = (known after apply)
      [32m+[0m[0m network_interface_id   = (known after apply)
      [32m+[0m[0m origin                 = (known after apply)
      [32m+[0m[0m route_table_id         = (known after apply)
      [32m+[0m[0m state                  = (known after apply)

      [32m+[0m[0m timeouts {
          [32m+[0m[0m create = "5m"
        }
    }

[1m  # module.vpc.aws_route_table.private[0][0m will be created
[0m  [32m+[0m[0m resource "aws_route_table" "private" {
      [32m+[0m[0m arn              = (known after apply)
      [32m+[0m[0m id               = (known after apply)
      [32m+[0m[0m owner_id         = (known after apply)
      [32m+[0m[0m propagating_vgws = (known after apply)
      [32m+[0m[0m route            = (known after apply)
      [32m+[0m[0m tags             = {
          [32m+[0m[0m "Environment" = "dev"
          [32m+[0m[0m "Name"        = "devops-mid-lab-vpc-private"
          [32m+[0m[0m "Project"     = "devops-mid-lab"
          [32m+[0m[0m "Terraform"   = "true"
        }
      [32m+[0m[0m tags_all         = {
          [32m+[0m[0m "Environment" = "dev"
          [32m+[0m[0m "Name"        = "devops-mid-lab-vpc-private"
          [32m+[0m[0m "Project"     = "devops-mid-lab"
          [32m+[0m[0m "Terraform"   = "true"
        }
      [32m+[0m[0m vpc_id           = (known after apply)
    }

[1m  # module.vpc.aws_route_table.public[0][0m will be created
[0m  [32m+[0m[0m resource "aws_route_table" "public" {
      [32m+[0m[0m arn              = (known after apply)
      [32m+[0m[0m id               = (known after apply)
      [32m+[0m[0m owner_id         = (known after apply)
      [32m+[0m[0m propagating_vgws = (known after apply)
      [32m+[0m[0m route            = (known after apply)
      [32m+[0m[0m tags             = {
          [32m+[0m[0m "Environment" = "dev"
          [32m+[0m[0m "Name"        = "devops-mid-lab-vpc-public"
          [32m+[0m[0m "Project"     = "devops-mid-lab"
          [32m+[0m[0m "Terraform"   = "true"
        }
      [32m+[0m[0m tags_all         = {
          [32m+[0m[0m "Environment" = "dev"
          [32m+[0m[0m "Name"        = "devops-mid-lab-vpc-public"
          [32m+[0m[0m "Project"     = "devops-mid-lab"
          [32m+[0m[0m "Terraform"   = "true"
        }
      [32m+[0m[0m vpc_id           = (known after apply)
    }

[1m  # module.vpc.aws_route_table_association.private[0][0m will be created
[0m  [32m+[0m[0m resource "aws_route_table_association" "private" {
      [32m+[0m[0m id             = (known after apply)
      [32m+[0m[0m route_table_id = (known after apply)
      [32m+[0m[0m subnet_id      = (known after apply)
    }

[1m  # module.vpc.aws_route_table_association.private[1][0m will be created
[0m  [32m+[0m[0m resource "aws_route_table_association" "private" {
      [32m+[0m[0m id             = (known after apply)
      [32m+[0m[0m route_table_id = (known after apply)
      [32m+[0m[0m subnet_id      = (known after apply)
    }

[1m  # module.vpc.aws_route_table_association.public[0][0m will be created
[0m  [32m+[0m[0m resource "aws_route_table_association" "public" {
      [32m+[0m[0m id             = (known after apply)
      [32m+[0m[0m route_table_id = (known after apply)
      [32m+[0m[0m subnet_id      = (known after apply)
    }

[1m  # module.vpc.aws_route_table_association.public[1][0m will be created
[0m  [32m+[0m[0m resource "aws_route_table_association" "public" {
      [32m+[0m[0m id             = (known after apply)
      [32m+[0m[0m route_table_id = (known after apply)
      [32m+[0m[0m subnet_id      = (known after apply)
    }

[1m  # module.vpc.aws_subnet.private[0][0m will be created
[0m  [32m+[0m[0m resource "aws_subnet" "private" {
      [32m+[0m[0m arn                                            = (known after apply)
      [32m+[0m[0m assign_ipv6_address_on_creation                = false
      [32m+[0m[0m availability_zone                              = "us-east-1a"
      [32m+[0m[0m availability_zone_id                           = (known after apply)
      [32m+[0m[0m cidr_block                                     = "10.0.1.0/24"
      [32m+[0m[0m enable_dns64                                   = false
      [32m+[0m[0m enable_resource_name_dns_a_record_on_launch    = false
      [32m+[0m[0m enable_resource_name_dns_aaaa_record_on_launch = false
      [32m+[0m[0m id                                             = (known after apply)
      [32m+[0m[0m ipv6_cidr_block_association_id                 = (known after apply)
      [32m+[0m[0m ipv6_native                                    = false
      [32m+[0m[0m map_public_ip_on_launch                        = false
      [32m+[0m[0m owner_id                                       = (known after apply)
      [32m+[0m[0m private_dns_hostname_type_on_launch            = (known after apply)
      [32m+[0m[0m tags                                           = {
          [32m+[0m[0m "Environment" = "dev"
          [32m+[0m[0m "Name"        = "devops-mid-lab-vpc-private-us-east-1a"
          [32m+[0m[0m "Project"     = "devops-mid-lab"
          [32m+[0m[0m "Terraform"   = "true"
        }
      [32m+[0m[0m tags_all                                       = {
          [32m+[0m[0m "Environment" = "dev"
          [32m+[0m[0m "Name"        = "devops-mid-lab-vpc-private-us-east-1a"
          [32m+[0m[0m "Project"     = "devops-mid-lab"
          [32m+[0m[0m "Terraform"   = "true"
        }
      [32m+[0m[0m vpc_id                                         = (known after apply)
    }

[1m  # module.vpc.aws_subnet.private[1][0m will be created
[0m  [32m+[0m[0m resource "aws_subnet" "private" {
      [32m+[0m[0m arn                                            = (known after apply)
      [32m+[0m[0m assign_ipv6_address_on_creation                = false
      [32m+[0m[0m availability_zone                              = "us-east-1b"
      [32m+[0m[0m availability_zone_id                           = (known after apply)
      [32m+[0m[0m cidr_block                                     = "10.0.2.0/24"
      [32m+[0m[0m enable_dns64                                   = false
      [32m+[0m[0m enable_resource_name_dns_a_record_on_launch    = false
      [32m+[0m[0m enable_resource_name_dns_aaaa_record_on_launch = false
      [32m+[0m[0m id                                             = (known after apply)
      [32m+[0m[0m ipv6_cidr_block_association_id                 = (known after apply)
      [32m+[0m[0m ipv6_native                                    = false
      [32m+[0m[0m map_public_ip_on_launch                        = false
      [32m+[0m[0m owner_id                                       = (known after apply)
      [32m+[0m[0m private_dns_hostname_type_on_launch            = (known after apply)
      [32m+[0m[0m tags                                           = {
          [32m+[0m[0m "Environment" = "dev"
          [32m+[0m[0m "Name"        = "devops-mid-lab-vpc-private-us-east-1b"
          [32m+[0m[0m "Project"     = "devops-mid-lab"
          [32m+[0m[0m "Terraform"   = "true"
        }
      [32m+[0m[0m tags_all                                       = {
          [32m+[0m[0m "Environment" = "dev"
          [32m+[0m[0m "Name"        = "devops-mid-lab-vpc-private-us-east-1b"
          [32m+[0m[0m "Project"     = "devops-mid-lab"
          [32m+[0m[0m "Terraform"   = "true"
        }
      [32m+[0m[0m vpc_id                                         = (known after apply)
    }

[1m  # module.vpc.aws_subnet.public[0][0m will be created
[0m  [32m+[0m[0m resource "aws_subnet" "public" {
      [32m+[0m[0m arn                                            = (known after apply)
      [32m+[0m[0m assign_ipv6_address_on_creation                = false
      [32m+[0m[0m availability_zone                              = "us-east-1a"
      [32m+[0m[0m availability_zone_id                           = (known after apply)
      [32m+[0m[0m cidr_block                                     = "10.0.101.0/24"
      [32m+[0m[0m enable_dns64                                   = false
      [32m+[0m[0m enable_resource_name_dns_a_record_on_launch    = false
      [32m+[0m[0m enable_resource_name_dns_aaaa_record_on_launch = false
      [32m+[0m[0m id                                             = (known after apply)
      [32m+[0m[0m ipv6_cidr_block_association_id                 = (known after apply)
      [32m+[0m[0m ipv6_native                                    = false
      [32m+[0m[0m map_public_ip_on_launch                        = false
      [32m+[0m[0m owner_id                                       = (known after apply)
      [32m+[0m[0m private_dns_hostname_type_on_launch            = (known after apply)
      [32m+[0m[0m tags                                           = {
          [32m+[0m[0m "Environment" = "dev"
          [32m+[0m[0m "Name"        = "devops-mid-lab-vpc-public-us-east-1a"
          [32m+[0m[0m "Project"     = "devops-mid-lab"
          [32m+[0m[0m "Terraform"   = "true"
        }
      [32m+[0m[0m tags_all                                       = {
          [32m+[0m[0m "Environment" = "dev"
          [32m+[0m[0m "Name"        = "devops-mid-lab-vpc-public-us-east-1a"
          [32m+[0m[0m "Project"     = "devops-mid-lab"
          [32m+[0m[0m "Terraform"   = "true"
        }
      [32m+[0m[0m vpc_id                                         = (known after apply)
    }

[1m  # module.vpc.aws_subnet.public[1][0m will be created
[0m  [32m+[0m[0m resource "aws_subnet" "public" {
      [32m+[0m[0m arn                                            = (known after apply)
      [32m+[0m[0m assign_ipv6_address_on_creation                = false
      [32m+[0m[0m availability_zone                              = "us-east-1b"
      [32m+[0m[0m availability_zone_id                           = (known after apply)
      [32m+[0m[0m cidr_block                                     = "10.0.102.0/24"
      [32m+[0m[0m enable_dns64                                   = false
      [32m+[0m[0m enable_resource_name_dns_a_record_on_launch    = false
      [32m+[0m[0m enable_resource_name_dns_aaaa_record_on_launch = false
      [32m+[0m[0m id                                             = (known after apply)
      [32m+[0m[0m ipv6_cidr_block_association_id                 = (known after apply)
      [32m+[0m[0m ipv6_native                                    = false
      [32m+[0m[0m map_public_ip_on_launch                        = false
      [32m+[0m[0m owner_id                                       = (known after apply)
      [32m+[0m[0m private_dns_hostname_type_on_launch            = (known after apply)
      [32m+[0m[0m tags                                           = {
          [32m+[0m[0m "Environment" = "dev"
          [32m+[0m[0m "Name"        = "devops-mid-lab-vpc-public-us-east-1b"
          [32m+[0m[0m "Project"     = "devops-mid-lab"
          [32m+[0m[0m "Terraform"   = "true"
        }
      [32m+[0m[0m tags_all                                       = {
          [32m+[0m[0m "Environment" = "dev"
          [32m+[0m[0m "Name"        = "devops-mid-lab-vpc-public-us-east-1b"
          [32m+[0m[0m "Project"     = "devops-mid-lab"
          [32m+[0m[0m "Terraform"   = "true"
        }
      [32m+[0m[0m vpc_id                                         = (known after apply)
    }

[1m  # module.vpc.aws_vpc.this[0][0m will be created
[0m  [32m+[0m[0m resource "aws_vpc" "this" {
      [32m+[0m[0m arn                                  = (known after apply)
      [32m+[0m[0m cidr_block                           = "10.0.0.0/16"
      [32m+[0m[0m default_network_acl_id               = (known after apply)
      [32m+[0m[0m default_route_table_id               = (known after apply)
      [32m+[0m[0m default_security_group_id            = (known after apply)
      [32m+[0m[0m dhcp_options_id                      = (known after apply)
      [32m+[0m[0m enable_dns_hostnames                 = true
      [32m+[0m[0m enable_dns_support                   = true
      [32m+[0m[0m enable_network_address_usage_metrics = (known after apply)
      [32m+[0m[0m id                                   = (known after apply)
      [32m+[0m[0m instance_tenancy                     = "default"
      [32m+[0m[0m ipv6_association_id                  = (known after apply)
      [32m+[0m[0m ipv6_cidr_block                      = (known after apply)
      [32m+[0m[0m ipv6_cidr_block_network_border_group = (known after apply)
      [32m+[0m[0m main_route_table_id                  = (known after apply)
      [32m+[0m[0m owner_id                             = (known after apply)
      [32m+[0m[0m tags                                 = {
          [32m+[0m[0m "Environment" = "dev"
          [32m+[0m[0m "Name"        = "devops-mid-lab-vpc"
          [32m+[0m[0m "Project"     = "devops-mid-lab"
          [32m+[0m[0m "Terraform"   = "true"
        }
      [32m+[0m[0m tags_all                             = {
          [32m+[0m[0m "Environment" = "dev"
          [32m+[0m[0m "Name"        = "devops-mid-lab-vpc"
          [32m+[0m[0m "Project"     = "devops-mid-lab"
          [32m+[0m[0m "Terraform"   = "true"
        }
    }

[1m  # module.db.module.db_instance.aws_db_instance.this[0][0m will be created
[0m  [32m+[0m[0m resource "aws_db_instance" "this" {
      [32m+[0m[0m address                               = (known after apply)
      [32m+[0m[0m allocated_storage                     = 20
      [32m+[0m[0m allow_major_version_upgrade           = false
      [32m+[0m[0m apply_immediately                     = false
      [32m+[0m[0m arn                                   = (known after apply)
      [32m+[0m[0m auto_minor_version_upgrade            = true
      [32m+[0m[0m availability_zone                     = (known after apply)
      [32m+[0m[0m backup_retention_period               = (known after apply)
      [32m+[0m[0m backup_target                         = (known after apply)
      [32m+[0m[0m backup_window                         = (known after apply)
      [32m+[0m[0m ca_cert_identifier                    = (known after apply)
      [32m+[0m[0m character_set_name                    = (known after apply)
      [32m+[0m[0m copy_tags_to_snapshot                 = false
      [32m+[0m[0m database_insights_mode                = (known after apply)
      [32m+[0m[0m db_name                               = "devops_mid_lab"
      [32m+[0m[0m db_subnet_group_name                  = (known after apply)
      [32m+[0m[0m dedicated_log_volume                  = false
      [32m+[0m[0m delete_automated_backups              = true
      [32m+[0m[0m deletion_protection                   = false
      [32m+[0m[0m domain_fqdn                           = (known after apply)
      [32m+[0m[0m endpoint                              = (known after apply)
      [32m+[0m[0m engine                                = "postgres"
      [32m+[0m[0m engine_lifecycle_support              = (known after apply)
      [32m+[0m[0m engine_version                        = "15"
      [32m+[0m[0m engine_version_actual                 = (known after apply)
      [32m+[0m[0m hosted_zone_id                        = (known after apply)
      [32m+[0m[0m iam_database_authentication_enabled   = true
      [32m+[0m[0m id                                    = (known after apply)
      [32m+[0m[0m identifier                            = "devops-mid-lab-db"
      [32m+[0m[0m identifier_prefix                     = (known after apply)
      [32m+[0m[0m instance_class                        = "db.t3.micro"
      [32m+[0m[0m iops                                  = (known after apply)
      [32m+[0m[0m kms_key_id                            = (known after apply)
      [32m+[0m[0m latest_restorable_time                = (known after apply)
      [32m+[0m[0m license_model                         = (known after apply)
      [32m+[0m[0m listener_endpoint                     = (known after apply)
      [32m+[0m[0m maintenance_window                    = (known after apply)
      [32m+[0m[0m manage_master_user_password           = true
      [32m+[0m[0m master_user_secret                    = (known after apply)
      [32m+[0m[0m master_user_secret_kms_key_id         = (known after apply)
      [32m+[0m[0m max_allocated_storage                 = 0
      [32m+[0m[0m monitoring_interval                   = 0
      [32m+[0m[0m monitoring_role_arn                   = (known after apply)
      [32m+[0m[0m multi_az                              = false
      [32m+[0m[0m nchar_character_set_name              = (known after apply)
      [32m+[0m[0m network_type                          = (known after apply)
      [32m+[0m[0m option_group_name                     = (known after apply)
      [32m+[0m[0m parameter_group_name                  = (known after apply)
      [32m+[0m[0m password_wo                           = (write-only attribute)
      [32m+[0m[0m performance_insights_enabled          = false
      [32m+[0m[0m performance_insights_kms_key_id       = (known after apply)
      [32m+[0m[0m performance_insights_retention_period = (known after apply)
      [32m+[0m[0m port                                  = 5432
      [32m+[0m[0m publicly_accessible                   = false
      [32m+[0m[0m replica_mode                          = (known after apply)
      [32m+[0m[0m replicas                              = (known after apply)
      [32m+[0m[0m resource_id                           = (known after apply)
      [32m+[0m[0m skip_final_snapshot                   = true
      [32m+[0m[0m snapshot_identifier                   = (known after apply)
      [32m+[0m[0m status                                = (known after apply)
      [32m+[0m[0m storage_encrypted                     = true
      [32m+[0m[0m storage_throughput                    = (known after apply)
      [32m+[0m[0m storage_type                          = (known after apply)
      [32m+[0m[0m tags                                  = {
          [32m+[0m[0m "Environment" = "dev"
          [32m+[0m[0m "Owner"       = "user"
        }
      [32m+[0m[0m tags_all                              = {
          [32m+[0m[0m "Environment" = "dev"
          [32m+[0m[0m "Owner"       = "user"
        }
      [32m+[0m[0m timezone                              = (known after apply)
      [32m+[0m[0m username                              = (sensitive value)
      [32m+[0m[0m vpc_security_group_ids                = (known after apply)

      [32m+[0m[0m timeouts {}
    }

[1m  # module.db.module.db_parameter_group.aws_db_parameter_group.this[0][0m will be created
[0m  [32m+[0m[0m resource "aws_db_parameter_group" "this" {
      [32m+[0m[0m arn          = (known after apply)
      [32m+[0m[0m description  = "devops-mid-lab-db parameter group"
      [32m+[0m[0m family       = "postgres15"
      [32m+[0m[0m id           = (known after apply)
      [32m+[0m[0m name         = (known after apply)
      [32m+[0m[0m name_prefix  = "devops-mid-lab-db-"
      [32m+[0m[0m skip_destroy = false
      [32m+[0m[0m tags         = {
          [32m+[0m[0m "Environment" = "dev"
          [32m+[0m[0m "Name"        = "devops-mid-lab-db"
          [32m+[0m[0m "Owner"       = "user"
        }
      [32m+[0m[0m tags_all     = {
          [32m+[0m[0m "Environment" = "dev"
          [32m+[0m[0m "Name"        = "devops-mid-lab-db"
          [32m+[0m[0m "Owner"       = "user"
        }
    }

[1m  # module.db.module.db_subnet_group.aws_db_subnet_group.this[0][0m will be created
[0m  [32m+[0m[0m resource "aws_db_subnet_group" "this" {
      [32m+[0m[0m arn                     = (known after apply)
      [32m+[0m[0m description             = "devops-mid-lab-db subnet group"
      [32m+[0m[0m id                      = (known after apply)
      [32m+[0m[0m name                    = (known after apply)
      [32m+[0m[0m name_prefix             = "devops-mid-lab-db-"
      [32m+[0m[0m subnet_ids              = (known after apply)
      [32m+[0m[0m supported_network_types = (known after apply)
      [32m+[0m[0m tags                    = {
          [32m+[0m[0m "Environment" = "dev"
          [32m+[0m[0m "Name"        = "devops-mid-lab-db"
          [32m+[0m[0m "Owner"       = "user"
        }
      [32m+[0m[0m tags_all                = {
          [32m+[0m[0m "Environment" = "dev"
          [32m+[0m[0m "Name"        = "devops-mid-lab-db"
          [32m+[0m[0m "Owner"       = "user"
        }
      [32m+[0m[0m vpc_id                  = (known after apply)
    }

[1m  # module.eks.module.eks_managed_node_group["green"].aws_eks_node_group.this[0][0m will be created
[0m  [32m+[0m[0m resource "aws_eks_node_group" "this" {
      [32m+[0m[0m ami_type               = (known after apply)
      [32m+[0m[0m arn                    = (known after apply)
      [32m+[0m[0m capacity_type          = "ON_DEMAND"
      [32m+[0m[0m cluster_name           = (known after apply)
      [32m+[0m[0m disk_size              = (known after apply)
      [32m+[0m[0m id                     = (known after apply)
      [32m+[0m[0m instance_types         = [
          [32m+[0m[0m "t3.medium",
        ]
      [32m+[0m[0m node_group_name        = (known after apply)
      [32m+[0m[0m node_group_name_prefix = "green-"
      [32m+[0m[0m node_role_arn          = (known after apply)
      [32m+[0m[0m release_version        = (known after apply)
      [32m+[0m[0m resources              = (known after apply)
      [32m+[0m[0m status                 = (known after apply)
      [32m+[0m[0m subnet_ids             = (known after apply)
      [32m+[0m[0m tags                   = {
          [32m+[0m[0m "Environment" = "dev"
          [32m+[0m[0m "Name"        = "green"
          [32m+[0m[0m "Terraform"   = "true"
        }
      [32m+[0m[0m tags_all               = {
          [32m+[0m[0m "Environment" = "dev"
          [32m+[0m[0m "Name"        = "green"
          [32m+[0m[0m "Terraform"   = "true"
        }
      [32m+[0m[0m version                = "1.29"

      [32m+[0m[0m launch_template {
          [32m+[0m[0m id      = (known after apply)
          [32m+[0m[0m name    = (known after apply)
          [32m+[0m[0m version = (known after apply)
        }

      [32m+[0m[0m node_repair_config (known after apply)

      [32m+[0m[0m scaling_config {
          [32m+[0m[0m desired_size = 1
          [32m+[0m[0m max_size     = 2
          [32m+[0m[0m min_size     = 1
        }

      [32m+[0m[0m timeouts {}

      [32m+[0m[0m update_config {
          [32m+[0m[0m max_unavailable_percentage = 33
        }
    }

[1m  # module.eks.module.eks_managed_node_group["green"].aws_iam_role.this[0][0m will be created
[0m  [32m+[0m[0m resource "aws_iam_role" "this" {
      [32m+[0m[0m arn                   = (known after apply)
      [32m+[0m[0m assume_role_policy    = jsonencode(
            {
              [32m+[0m[0m Statement = [
                  [32m+[0m[0m {
                      [32m+[0m[0m Action    = "sts:AssumeRole"
                      [32m+[0m[0m Effect    = "Allow"
                      [32m+[0m[0m Principal = {
                          [32m+[0m[0m Service = "ec2.amazonaws.com"
                        }
                      [32m+[0m[0m Sid       = "EKSNodeAssumeRole"
                    },
                ]
              [32m+[0m[0m Version   = "2012-10-17"
            }
        )
      [32m+[0m[0m create_date           = (known after apply)
      [32m+[0m[0m description           = "EKS managed node group IAM role"
      [32m+[0m[0m force_detach_policies = true
      [32m+[0m[0m id                    = (known after apply)
      [32m+[0m[0m managed_policy_arns   = (known after apply)
      [32m+[0m[0m max_session_duration  = 3600
      [32m+[0m[0m name                  = (known after apply)
      [32m+[0m[0m name_prefix           = "green-eks-node-group-"
      [32m+[0m[0m path                  = "/"
      [32m+[0m[0m tags                  = {
          [32m+[0m[0m "Environment" = "dev"
          [32m+[0m[0m "Terraform"   = "true"
        }
      [32m+[0m[0m tags_all              = {
          [32m+[0m[0m "Environment" = "dev"
          [32m+[0m[0m "Terraform"   = "true"
        }
      [32m+[0m[0m unique_id             = (known after apply)

      [32m+[0m[0m inline_policy (known after apply)
    }

[1m  # module.eks.module.eks_managed_node_group["green"].aws_iam_role_policy_attachment.this["AmazonEC2ContainerRegistryReadOnly"][0m will be created
[0m  [32m+[0m[0m resource "aws_iam_role_policy_attachment" "this" {
      [32m+[0m[0m id         = (known after apply)
      [32m+[0m[0m policy_arn = "arn:aws:iam::aws:policy/AmazonEC2ContainerRegistryReadOnly"
      [32m+[0m[0m role       = (known after apply)
    }

[1m  # module.eks.module.eks_managed_node_group["green"].aws_iam_role_policy_attachment.this["AmazonEKSWorkerNodePolicy"][0m will be created
[0m  [32m+[0m[0m resource "aws_iam_role_policy_attachment" "this" {
      [32m+[0m[0m id         = (known after apply)
      [32m+[0m[0m policy_arn = "arn:aws:iam::aws:policy/AmazonEKSWorkerNodePolicy"
      [32m+[0m[0m role       = (known after apply)
    }

[1m  # module.eks.module.eks_managed_node_group["green"].aws_iam_role_policy_attachment.this["AmazonEKS_CNI_Policy"][0m will be created
[0m  [32m+[0m[0m resource "aws_iam_role_policy_attachment" "this" {
      [32m+[0m[0m id         = (known after apply)
      [32m+[0m[0m policy_arn = "arn:aws:iam::aws:policy/AmazonEKS_CNI_Policy"
      [32m+[0m[0m role       = (known after apply)
    }

[1m  # module.eks.module.eks_managed_node_group["green"].aws_launch_template.this[0][0m will be created
[0m  [32m+[0m[0m resource "aws_launch_template" "this" {
      [32m+[0m[0m arn                    = (known after apply)
      [32m+[0m[0m default_version        = (known after apply)
      [32m+[0m[0m description            = "Custom launch template for green EKS managed node group"
      [32m+[0m[0m id                     = (known after apply)
      [32m+[0m[0m latest_version         = (known after apply)
      [32m+[0m[0m name                   = (known after apply)
      [32m+[0m[0m name_prefix            = "green-"
      [32m+[0m[0m tags                   = {
          [32m+[0m[0m "Environment" = "dev"
          [32m+[0m[0m "Terraform"   = "true"
        }
      [32m+[0m[0m tags_all               = {
          [32m+[0m[0m "Environment" = "dev"
          [32m+[0m[0m "Terraform"   = "true"
        }
      [32m+[0m[0m update_default_version = true
      [32m+[0m[0m vpc_security_group_ids = (known after apply)
        [90m# (2 unchanged attributes hidden)[0m[0m

      [32m+[0m[0m metadata_options {
          [32m+[0m[0m http_endpoint               = "enabled"
          [32m+[0m[0m http_protocol_ipv6          = (known after apply)
          [32m+[0m[0m http_put_response_hop_limit = 2
          [32m+[0m[0m http_tokens                 = "required"
          [32m+[0m[0m instance_metadata_tags      = (known after apply)
        }

      [32m+[0m[0m monitoring {
          [32m+[0m[0m enabled = true
        }

      [32m+[0m[0m tag_specifications {
          [32m+[0m[0m resource_type = "instance"
          [32m+[0m[0m tags          = {
              [32m+[0m[0m "Environment" = "dev"
              [32m+[0m[0m "Name"        = "green"
              [32m+[0m[0m "Terraform"   = "true"
            }
        }
      [32m+[0m[0m tag_specifications {
          [32m+[0m[0m resource_type = "network-interface"
          [32m+[0m[0m tags          = {
              [32m+[0m[0m "Environment" = "dev"
              [32m+[0m[0m "Name"        = "green"
              [32m+[0m[0m "Terraform"   = "true"
            }
        }
      [32m+[0m[0m tag_specifications {
          [32m+[0m[0m resource_type = "volume"
          [32m+[0m[0m tags          = {
              [32m+[0m[0m "Environment" = "dev"
              [32m+[0m[0m "Name"        = "green"
              [32m+[0m[0m "Terraform"   = "true"
            }
        }
    }

[1m  # module.eks.module.kms.data.aws_iam_policy_document.this[0][0m will be read during apply
  # (config refers to values not yet known)
[0m [36m<=[0m[0m data "aws_iam_policy_document" "this" {
      [32m+[0m[0m id                        = (known after apply)
      [32m+[0m[0m json                      = (known after apply)
      [32m+[0m[0m minified_json             = (known after apply)
      [32m+[0m[0m override_policy_documents = []
      [32m+[0m[0m source_policy_documents   = []

      [32m+[0m[0m statement {
          [32m+[0m[0m actions   = [
              [32m+[0m[0m "kms:*",
            ]
          [32m+[0m[0m resources = [
              [32m+[0m[0m "*",
            ]
          [32m+[0m[0m sid       = "Default"

          [32m+[0m[0m principals {
              [32m+[0m[0m identifiers = [
                  [32m+[0m[0m "arn:aws:iam::184437145027:root",
                ]
              [32m+[0m[0m type        = "AWS"
            }
        }
      [32m+[0m[0m statement {
          [32m+[0m[0m actions   = [
              [32m+[0m[0m "kms:CancelKeyDeletion",
              [32m+[0m[0m "kms:Create*",
              [32m+[0m[0m "kms:Delete*",
              [32m+[0m[0m "kms:Describe*",
              [32m+[0m[0m "kms:Disable*",
              [32m+[0m[0m "kms:Enable*",
              [32m+[0m[0m "kms:Get*",
              [32m+[0m[0m "kms:ImportKeyMaterial",
              [32m+[0m[0m "kms:List*",
              [32m+[0m[0m "kms:Put*",
              [32m+[0m[0m "kms:ReplicateKey",
              [32m+[0m[0m "kms:Revoke*",
              [32m+[0m[0m "kms:ScheduleKeyDeletion",
              [32m+[0m[0m "kms:TagResource",
              [32m+[0m[0m "kms:UntagResource",
              [32m+[0m[0m "kms:Update*",
            ]
          [32m+[0m[0m resources = [
              [32m+[0m[0m "*",
            ]
          [32m+[0m[0m sid       = "KeyAdministration"

          [32m+[0m[0m principals {
              [32m+[0m[0m identifiers = [
                  [32m+[0m[0m "arn:aws:iam::184437145027:user/DevOps_Lab",
                ]
              [32m+[0m[0m type        = "AWS"
            }
        }
      [32m+[0m[0m statement {
          [32m+[0m[0m actions   = [
              [32m+[0m[0m "kms:Decrypt",
              [32m+[0m[0m "kms:DescribeKey",
              [32m+[0m[0m "kms:Encrypt",
              [32m+[0m[0m "kms:GenerateDataKey*",
              [32m+[0m[0m "kms:ReEncrypt*",
            ]
          [32m+[0m[0m resources = [
              [32m+[0m[0m "*",
            ]
          [32m+[0m[0m sid       = "KeyUsage"

          [32m+[0m[0m principals {
              [32m+[0m[0m identifiers = [
                  [32m+[0m[0m (known after apply),
                ]
              [32m+[0m[0m type        = "AWS"
            }
        }
    }

[1m  # module.eks.module.kms.aws_kms_alias.this["cluster"][0m will be created
[0m  [32m+[0m[0m resource "aws_kms_alias" "this" {
      [32m+[0m[0m arn            = (known after apply)
      [32m+[0m[0m id             = (known after apply)
      [32m+[0m[0m name           = "alias/eks/adeen-devops"
      [32m+[0m[0m name_prefix    = (known after apply)
      [32m+[0m[0m target_key_arn = (known after apply)
      [32m+[0m[0m target_key_id  = (known after apply)
    }

[1m  # module.eks.module.kms.aws_kms_key.this[0][0m will be created
[0m  [32m+[0m[0m resource "aws_kms_key" "this" {
      [32m+[0m[0m arn                                = (known after apply)
      [32m+[0m[0m bypass_policy_lockout_safety_check = false
      [32m+[0m[0m customer_master_key_spec           = "SYMMETRIC_DEFAULT"
      [32m+[0m[0m description                        = "adeen-devops cluster encryption key"
      [32m+[0m[0m enable_key_rotation                = true
      [32m+[0m[0m id                                 = (known after apply)
      [32m+[0m[0m is_enabled                         = true
      [32m+[0m[0m key_id                             = (known after apply)
      [32m+[0m[0m key_usage                          = "ENCRYPT_DECRYPT"
      [32m+[0m[0m multi_region                       = false
      [32m+[0m[0m policy                             = (known after apply)
      [32m+[0m[0m rotation_period_in_days            = (known after apply)
      [32m+[0m[0m tags                               = {
          [32m+[0m[0m "Environment"           = "dev"
          [32m+[0m[0m "Terraform"             = "true"
          [32m+[0m[0m "terraform-aws-modules" = "eks"
        }
      [32m+[0m[0m tags_all                           = {
          [32m+[0m[0m "Environment"           = "dev"
          [32m+[0m[0m "Terraform"             = "true"
          [32m+[0m[0m "terraform-aws-modules" = "eks"
        }
    }

[1mPlan:[0m [0m62 to add, 0 to change, 1 to destroy.

Changes to Outputs:
  [33m~[0m[0m cluster_endpoint          = "https://B5113D008CC955638F661E28A2084147.gr7.us-east-1.eks.amazonaws.com" -> (known after apply)
  [33m~[0m[0m cluster_name              = "devops-mid-lab-cluster" [33m->[0m[0m "adeen-devops"
  [33m~[0m[0m cluster_security_group_id = "sg-078d43f5d6957d253" -> (known after apply)
  [32m+[0m[0m ecr_backend_url           = (known after apply)
  [32m+[0m[0m ecr_frontend_url          = (known after apply)
  [32m+[0m[0m rds_endpoint              = (known after apply)
Γò╖
Γöé Error: reading IAM OIDC Provider (arn:aws:iam::472499667690:oidc-provider/oidc.eks.us-east-1.amazonaws.com/id/B5113D008CC955638F661E28A2084147): operation error IAM: GetOpenIDConnectProvider, https response error StatusCode: 403, RequestID: ea1605ce-be24-47cb-be2f-03ebdcfafa0e, api error AccessDenied: User: arn:aws:iam::184437145027:user/DevOps_Lab is not authorized to access this resource
Γöé 
Γöé   with module.eks.aws_iam_openid_connect_provider.oidc_provider[0],
Γöé   on .terraform\modules\eks\main.tf line 419, in resource "aws_iam_openid_connect_provider" "oidc_provider":
Γöé  419: resource "aws_iam_openid_connect_provider" "oidc_provider" {
Γöé 
Γò╡
